// !$*UTF8*$!
{
  archiveVersion = 1;
  classes = {
  };
  objectVersion = 56;
  objects = {

    /* Begin PBXBuildFile section */
    BDC68EA017524F39 /* MilliColors.swift in Sources */ = {isa = PBXBuildFile; fileRef = 28FA9037E1564BCD; };
    1D8927BE03C54A6F /* MilliCenterMButton.swift in Sources */ = {isa = PBXBuildFile; fileRef = 0E483B9C5DF27A61; };
    D1459C6F8BA73E02 /* MilliNavBar.swift in Sources */ = {isa = PBXBuildFile; fileRef = 67A10832EF45B9CD; };
    B6F0537E4CD9128A /* ContentView.swift in Sources */ = {isa = PBXBuildFile; fileRef = 4397DC52EFB801A6; };
    4BE70193652DFC8A /* README.md in Sources */ = {isa = PBXBuildFile; fileRef = B0E1234567ACDF89; };
    CD70123459FB86EA /* View+PressEvents.swift in Sources */ = {isa = PBXBuildFile; fileRef = 026CE39DB51F74A8; };
    DAE932C1B68F7540 /* HomeDashboardView.swift in Sources */ = {isa = PBXBuildFile; fileRef = 47B328ED1FA0965C; };
    0D3E16A48F972C5B /* FinancialData.swift in Sources */ = {isa = PBXBuildFile; fileRef = E35DB872F91406AC; };
    0F12E39BAD5C7648 /* MilliViewModel.swift in Sources */ = {isa = PBXBuildFile; fileRef = 1E3B86549DFC0A72; };
    3D650124CEBF8A79 /* MileageView.swift in Sources */ = {isa = PBXBuildFile; fileRef = 63D7F198E5A2B4C0; };
    E6810935BCD427AF /* MilliApp.swift in Sources */ = {isa = PBXBuildFile; fileRef = CDAE8347B012F596; };
    32417AD5B0CFE698 /* SecurityManager.swift in Sources */ = {isa = PBXBuildFile; fileRef = 713CB984E0F2D56A; };
    2BFC68A9710345DE /* WealthView.swift in Sources */ = {isa = PBXBuildFile; fileRef = 4318920DA5BC67EF; };
    F465A3078E1DC9B2 /* PlaidManager.swift in Sources */ = {isa = PBXBuildFile; fileRef = 01AE279B8D634C5F; };
    6FC0AE1973D5842B /* MilliAIViewModel.swift in Sources */ = {isa = PBXBuildFile; fileRef = 90365B7ADFC1824E; };
    AF905172DE64B8C3 /* MilliAIService.swift in Sources */ = {isa = PBXBuildFile; fileRef = 01FA475D3C692E8B; };
    23CBD4A1085F76E9 /* MilliAIOverlayView.swift in Sources */ = {isa = PBXBuildFile; fileRef = 931BCD860F724AE5; };
    06B3791425EAF8CD /* MilliSettingsView.swift in Sources */ = {isa = PBXBuildFile; fileRef = 70EC61854B9FD23A; };
    D367EB5A0F21C498 /* Assets.xcassets in Sources */ = {isa = PBXBuildFile; fileRef = 96A0158E2D473FCB; };
    A01D2F73649EC8B5 /* LockScreenView.swift in Sources */ = {isa = PBXBuildFile; fileRef = 1506CF78B49DAE32; };
    50A8129C7F34E6BD /* MileageEntry.swift in Sources */ = {isa = PBXBuildFile; fileRef = 04E9F731DB25CA86; };
    2931B5CA87EFD460 /* PayoutsView.swift in Sources */ = {isa = PBXBuildFile; fileRef = F43526A1798EB0CD; };
    012DA3B7FC458E69 /* AddEntryView.swift in Sources */ = {isa = PBXBuildFile; fileRef = F736802C59BA4DE1; };
    0A34C5F629B18E7D /* ConnectBankView.swift in Sources */ = {isa = PBXBuildFile; fileRef = 428A5E1CB706F93D; };
    213B68904F57DEAC /* MilliCardView.swift in Sources */ = {isa = PBXBuildFile; fileRef = 12E74C639FADB508; };
    3D4FA9C7B2105E68 /* MilliFinancialCard.swift in Sources */ = {isa = PBXBuildFile; fileRef = 012D53CA4F7986EB; };
    F67081AC32D5B4E9 /* MilliMetricCard.swift in Sources */ = {isa = PBXBuildFile; fileRef = E4367FD8ACB52190; };
    6891EDB3F740A25C /* MilliAIOverlay.swift in Sources */ = {isa = PBXBuildFile; fileRef = 5289FC04763D1BAE; };
    973F20168D4A5EBC /* MilliModels.swift in Sources */ = {isa = PBXBuildFile; fileRef = A04F7B5C8169D32E; };
    DC08714A32E9F5B6 /* MilliMasterBuildTests.swift in Sources */ = {isa = PBXBuildFile; fileRef = 3F572C41A69E0DB8; };
    FBDE673A9821C405 /* MilliMasterBuildUITests.swift in Sources */ = {isa = PBXBuildFile; fileRef = 01EB579FA2648CD3; };
    436F79D28AE150CB /* SwiftUI.framework in Frameworks */ = {isa = PBXBuildFile; fileRef = EA2197F3DBC40865; };
    /* End PBXBuildFile section */

    /* Begin PBXFileReference section */
    0E26879D31A5B4CF /* MilliMasterBuild.app */ = {isa = PBXFileReference; explicitFileType = wrapper.application; includeInIndex = 0; path = "MilliMasterBuild.app"; sourceTree = BUILT_PRODUCTS_DIR; };
    28FA9037E1564BCD /* MilliColors.swift */ = {isa = PBXFileReference; lastKnownFileType = sourcecode.swift; path = "MilliColors.swift"; sourceTree = "<group>"; };
    0E483B9C5DF27A61 /* MilliCenterMButton.swift */ = {isa = PBXFileReference; lastKnownFileType = sourcecode.swift; path = "MilliCenterMButton.swift"; sourceTree = "<group>"; };
    67A10832EF45B9CD /* MilliNavBar.swift */ = {isa = PBXFileReference; lastKnownFileType = sourcecode.swift; path = "MilliNavBar.swift"; sourceTree = "<group>"; };
    4397DC52EFB801A6 /* ContentView.swift */ = {isa = PBXFileReference; lastKnownFileType = sourcecode.swift; path = "ContentView.swift"; sourceTree = "<group>"; };
    B0E1234567ACDF89 /* README.md */ = {isa = PBXFileReference; lastKnownFileType = text.markdown; path = "README.md"; sourceTree = "<group>"; };
    026CE39DB51F74A8 /* View+PressEvents.swift */ = {isa = PBXFileReference; lastKnownFileType = sourcecode.swift; path = "View+PressEvents.swift"; sourceTree = "<group>"; };
    47B328ED1FA0965C /* HomeDashboardView.swift */ = {isa = PBXFileReference; lastKnownFileType = sourcecode.swift; path = "HomeDashboardView.swift"; sourceTree = "<group>"; };
    E35DB872F91406AC /* FinancialData.swift */ = {isa = PBXFileReference; lastKnownFileType = sourcecode.swift; path = "FinancialData.swift"; sourceTree = "<group>"; };
    1E3B86549DFC0A72 /* MilliViewModel.swift */ = {isa = PBXFileReference; lastKnownFileType = sourcecode.swift; path = "MilliViewModel.swift"; sourceTree = "<group>"; };
    63D7F198E5A2B4C0 /* MileageView.swift */ = {isa = PBXFileReference; lastKnownFileType = sourcecode.swift; path = "MileageView.swift"; sourceTree = "<group>"; };
    CDAE8347B012F596 /* MilliApp.swift */ = {isa = PBXFileReference; lastKnownFileType = sourcecode.swift; path = "MilliApp.swift"; sourceTree = "<group>"; };
    713CB984E0F2D56A /* SecurityManager.swift */ = {isa = PBXFileReference; lastKnownFileType = sourcecode.swift; path = "SecurityManager.swift"; sourceTree = "<group>"; };
    4318920DA5BC67EF /* WealthView.swift */ = {isa = PBXFileReference; lastKnownFileType = sourcecode.swift; path = "WealthView.swift"; sourceTree = "<group>"; };
    01AE279B8D634C5F /* PlaidManager.swift */ = {isa = PBXFileReference; lastKnownFileType = sourcecode.swift; path = "PlaidManager.swift"; sourceTree = "<group>"; };
    90365B7ADFC1824E /* MilliAIViewModel.swift */ = {isa = PBXFileReference; lastKnownFileType = sourcecode.swift; path = "MilliAIViewModel.swift"; sourceTree = "<group>"; };
    01FA475D3C692E8B /* MilliAIService.swift */ = {isa = PBXFileReference; lastKnownFileType = sourcecode.swift; path = "MilliAIService.swift"; sourceTree = "<group>"; };
    931BCD860F724AE5 /* MilliAIOverlayView.swift */ = {isa = PBXFileReference; lastKnownFileType = sourcecode.swift; path = "MilliAIOverlayView.swift"; sourceTree = "<group>"; };
    70EC61854B9FD23A /* MilliSettingsView.swift */ = {isa = PBXFileReference; lastKnownFileType = sourcecode.swift; path = "MilliSettingsView.swift"; sourceTree = "<group>"; };
    96A0158E2D473FCB /* Assets.xcassets */ = {isa = PBXFileReference; lastKnownFileType = folder.assetcatalog; path = "Assets.xcassets"; sourceTree = "<group>"; };
    1506CF78B49DAE32 /* LockScreenView.swift */ = {isa = PBXFileReference; lastKnownFileType = sourcecode.swift; path = "LockScreenView.swift"; sourceTree = "<group>"; };
    04E9F731DB25CA86 /* MileageEntry.swift */ = {isa = PBXFileReference; lastKnownFileType = sourcecode.swift; path = "MileageEntry.swift"; sourceTree = "<group>"; };
    F43526A1798EB0CD /* PayoutsView.swift */ = {isa = PBXFileReference; lastKnownFileType = sourcecode.swift; path = "PayoutsView.swift"; sourceTree = "<group>"; };
    F736802C59BA4DE1 /* AddEntryView.swift */ = {isa = PBXFileReference; lastKnownFileType = sourcecode.swift; path = "AddEntryView.swift"; sourceTree = "<group>"; };
    428A5E1CB706F93D /* ConnectBankView.swift */ = {isa = PBXFileReference; lastKnownFileType = sourcecode.swift; path = "ConnectBankView.swift"; sourceTree = "<group>"; };
    12E74C639FADB508 /* MilliCardView.swift */ = {isa = PBXFileReference; lastKnownFileType = sourcecode.swift; path = "MilliCardView.swift"; sourceTree = "<group>"; };
    012D53CA4F7986EB /* MilliFinancialCard.swift */ = {isa = PBXFileReference; lastKnownFileType = sourcecode.swift; path = "MilliFinancialCard.swift"; sourceTree = "<group>"; };
    E4367FD8ACB52190 /* MilliMetricCard.swift */ = {isa = PBXFileReference; lastKnownFileType = sourcecode.swift; path = "MilliMetricCard.swift"; sourceTree = "<group>"; };
    5289FC04763D1BAE /* MilliAIOverlay.swift */ = {isa = PBXFileReference; lastKnownFileType = sourcecode.swift; path = "MilliAIOverlay.swift"; sourceTree = "<group>"; };
    A04F7B5C8169D32E /* MilliModels.swift */ = {isa = PBXFileReference; lastKnownFileType = sourcecode.swift; path = "MilliModels.swift"; sourceTree = "<group>"; };
    3F572C41A69E0DB8 /* MilliMasterBuildTests.swift */ = {isa = PBXFileReference; lastKnownFileType = sourcecode.swift; path = "MilliMasterBuildTests.swift"; sourceTree = "<group>"; };
    01EB579FA2648CD3 /* MilliMasterBuildUITests.swift */ = {isa = PBXFileReference; lastKnownFileType = sourcecode.swift; path = "MilliMasterBuildUITests.swift"; sourceTree = "<group>"; };
    168032C4DEFB9A75 /* MilliMasterBuildTests.xctest */ = {isa = PBXFileReference; explicitFileType = wrapper.cfbundle; includeInIndex = 0; path = "MilliMasterBuildTests.xctest"; sourceTree = BUILT_PRODUCTS_DIR; };
    01D27F3E5698CBA4 /* MilliMasterBuildUITests.xctest */ = {isa = PBXFileReference; explicitFileType = wrapper.cfbundle; includeInIndex = 0; path = "MilliMasterBuildUITests.xctest"; sourceTree = BUILT_PRODUCTS_DIR; };
    EA2197F3DBC40865 /* SwiftUI.framework */ = {isa = PBXFileReference; lastKnownFileType = wrapper.framework; name = SwiftUI.framework; path = System/Library/Frameworks/SwiftUI.framework; sourceTree = SDKROOT; };
    /* End PBXFileReference section */

    /* Begin PBXFrameworksBuildPhase section */
    51A723B0E6849CFD /* Frameworks */ = {
      isa = PBXFrameworksBuildPhase;
      buildActionMask = 2147483647;
      files = (
        436F79D28AE150CB /* SwiftUI.framework in Frameworks */
      );
      runOnlyForDeploymentPostprocessing = 0;
    };
    0BA51263E7C948FD /* Frameworks */ = {
      isa = PBXFrameworksBuildPhase;
      buildActionMask = 2147483647;
      files = (
      );
      runOnlyForDeploymentPostprocessing = 0;
    };
    B729A561C0EF384D /* Frameworks */ = {
      isa = PBXFrameworksBuildPhase;
      buildActionMask = 2147483647;
      files = (
      );
      runOnlyForDeploymentPostprocessing = 0;
    };
    /* End PBXFrameworksBuildPhase section */

    /* Begin PBXGroup section */
    A08C6FEB51792D34 /* Main Group */ = {
      isa = PBXGroup;
      children = (
        B50437FD8E61C2A9 /* MilliMasterBuild */,
        09157836DBCF42EA /* MilliMasterBuildTests */,
        A8BC0D1F2E345697 /* MilliMasterBuildUITests */,
        97D8B0FA63C14E25 /* Products */
      );
      sourceTree = "<group>";
    };
    B50437FD8E61C2A9 /* MilliMasterBuild */ = {
      isa = PBXGroup;
      children = (
        B9E80A7126C354DF,
        65D1CE492F08AB37,
        CFDB7496035E821A,
        B463279FE5C8D1A0,
        B0128E3D7AF6C954,
        8F376925B41EAC0D,
        DEBF67A89015234C,
        FC0B12D34A5E9687,
        28FA9037E1564BCD,
        0E483B9C5DF27A61,
        67A10832EF45B9CD,
        B0E1234567ACDF89,
        47B328ED1FA0965C,
        63D7F198E5A2B4C0,
        CDAE8347B012F596,
        4318920DA5BC67EF,
        01FA475D3C692E8B,
        931BCD860F724AE5,
        70EC61854B9FD23A,
        F43526A1798EB0CD,
        12E74C639FADB508,
        5289FC04763D1BAE
      );
      path = "MilliMasterBuild";
      sourceTree = "<group>";
    };
    
    B9E80A7126C354DF /* Views */ = {
      isa = PBXGroup;
      children = (
        4397DC52EFB801A6,
        1506CF78B49DAE32,
        F736802C59BA4DE1,
        428A5E1CB706F93D
      );
      path = "Views";
      sourceTree = "<group>";
    };
    65D1CE492F08AB37 /* Milli */ = {
      isa = PBXGroup;
      children = (
        2BF8C519D743A06E
      );
      path = "Milli";
      sourceTree = "<group>";
    };
    2BF8C519D743A06E /* Extensions */ = {
      isa = PBXGroup;
      children = (
        026CE39DB51F74A8
      );
      path = "Extensions";
      sourceTree = "<group>";
    };
    CFDB7496035E821A /* Models */ = {
      isa = PBXGroup;
      children = (
        E35DB872F91406AC,
        04E9F731DB25CA86,
        A04F7B5C8169D32E
      );
      path = "Models";
      sourceTree = "<group>";
    };
    B463279FE5C8D1A0 /* ViewModels */ = {
      isa = PBXGroup;
      children = (
        1E3B86549DFC0A72,
        90365B7ADFC1824E
      );
      path = "ViewModels";
      sourceTree = "<group>";
    };
    B0128E3D7AF6C954 /* Security */ = {
      isa = PBXGroup;
      children = (
        713CB984E0F2D56A
      );
      path = "Security";
      sourceTree = "<group>";
    };
    8F376925B41EAC0D /* Services */ = {
      isa = PBXGroup;
      children = (
        01AE279B8D634C5F
      );
      path = "Services";
      sourceTree = "<group>";
    };
    DEBF67A89015234C /* Assets */ = {
      isa = PBXGroup;
      children = (
        96A0158E2D473FCB
      );
      path = "Assets";
      sourceTree = "<group>";
    };
    FC0B12D34A5E9687 /* Components */ = {
      isa = PBXGroup;
      children = (
        012D53CA4F7986EB,
        E4367FD8ACB52190
      );
      path = "Components";
      sourceTree = "<group>";
    };
    09157836DBCF42EA /* MilliMasterBuildTests */ = {
      isa = PBXGroup;
      children = (
        3F572C41A69E0DB8 /* MilliMasterBuildTests.swift */
      );
      path = "MilliMasterBuildTests";
      sourceTree = "<group>";
    };
    A8BC0D1F2E345697 /* MilliMasterBuildUITests */ = {
      isa = PBXGroup;
      children = (
        01EB579FA2648CD3 /* MilliMasterBuildUITests.swift */
      );
      path = "MilliMasterBuildUITests";
      sourceTree = "<group>";
    };
    97D8B0FA63C14E25 /* Products */ = {
      isa = PBXGroup;
      children = (
        0E26879D31A5B4CF /* MilliMasterBuild.app */,
        168032C4DEFB9A75 /* MilliMasterBuildTests.xctest */,
        01D27F3E5698CBA4 /* MilliMasterBuildUITests.xctest */
      );
      name = Products;
      sourceTree = "<group>";
    };
    /* End PBXGroup section */

    /* Begin PBXNativeTarget section */
    5796DA2EF81B430C /* MilliMasterBuild */ = {
      isa = PBXNativeTarget;
      buildConfigurationList = B01273C48A9E5FD6 /* Build configuration list for PBXNativeTarget "MilliMasterBuild" */;
      buildPhases = (
        2FAB48175D9063CE /* Sources */,
        51A723B0E6849CFD /* Frameworks */
      );
      buildRules = (
      );
      dependencies = (
      );
      name = "MilliMasterBuild";
      productName = "MilliMasterBuild";
      productReference = 0E26879D31A5B4CF /* MilliMasterBuild.app */;
      productType = "com.apple.product-type.application";
    };
    6291CB340A5D7F8E /* MilliMasterBuildTests */ = {
      isa = PBXNativeTarget;
      buildConfigurationList = 84031BE2D5A9F67C /* Build configuration list for PBXNativeTarget "MilliMasterBuildTests" */;
      buildPhases = (
        09CBE671F2853D4A /* Sources */,
        0BA51263E7C948FD /* Frameworks */
      );
      buildRules = (
      );
      dependencies = (
        B53671CFDE9284A0 /* PBXTargetDependency */
      );
      name = "MilliMasterBuildTests";
      productName = "MilliMasterBuildTests";
      productReference = 168032C4DEFB9A75 /* MilliMasterBuildTests.xctest */;
      productType = "com.apple.product-type.bundle.unit-test";
    };
    610AEF2B9D74835C /* MilliMasterBuildUITests */ = {
      isa = PBXNativeTarget;
      buildConfigurationList = 4F0B6A9721ECD835 /* Build configuration list for PBXNativeTarget "MilliMasterBuildUITests" */;
      buildPhases = (
        9DF876543CE210AB /* Sources */,
        B729A561C0EF384D /* Frameworks */
      );
      buildRules = (
      );
      dependencies = (
        1B0F25DE4369CA78 /* PBXTargetDependency */
      );
      name = "MilliMasterBuildUITests";
      productName = "MilliMasterBuildUITests";
      productReference = 01D27F3E5698CBA4 /* MilliMasterBuildUITests.xctest */;
      productType = "com.apple.product-type.bundle.ui-testing";
    };
    /* End PBXNativeTarget section */

    /* Begin PBXProject section */
    B59A062E8F17CD34 /* Project object */ = {
      isa = PBXProject;
      attributes = {
        LastSwiftUpdateCheck = 1500;
        LastUpgradeCheck = 1500;
        TargetAttributes = {
          5796DA2EF81B430C = {
            CreatedOnToolsVersion = 15.0;
          };
          6291CB340A5D7F8E = {
            CreatedOnToolsVersion = 15.0;
            TestTargetID = 5796DA2EF81B430C;
          };
          610AEF2B9D74835C = {
            CreatedOnToolsVersion = 15.0;
            TestTargetID = 5796DA2EF81B430C;
          };
        };
      };
      buildConfigurationList = 5EA381F7D426C0B9 /* Build configuration list for PBXProject "MilliMasterBuild" */;
      compatibilityVersion = "Xcode 14.0";
      developmentRegion = en;
      hasScannedForEncodings = 0;
      knownRegions = (
        en,
        Base
      );
      mainGroup = A08C6FEB51792D34;
      productRefGroup = 97D8B0FA63C14E25 /* Products */;
      projectDirPath = "";
      projectRoot = "";
      targets = (
        5796DA2EF81B430C /* MilliMasterBuild */,
        6291CB340A5D7F8E /* MilliMasterBuildTests */,
        610AEF2B9D74835C /* MilliMasterBuildUITests */
      );
    };
    /* End PBXProject section */

    /* Begin PBXSourcesBuildPhase section */
    2FAB48175D9063CE /* Sources */ = {
      isa = PBXSourcesBuildPhase;
      buildActionMask = 2147483647;
      files = (
        BDC68EA017524F39,
        1D8927BE03C54A6F,
        D1459C6F8BA73E02,
        B6F0537E4CD9128A,
        4BE70193652DFC8A,
        CD70123459FB86EA,
        DAE932C1B68F7540,
        0D3E16A48F972C5B,
        0F12E39BAD5C7648,
        3D650124CEBF8A79,
        E6810935BCD427AF,
        32417AD5B0CFE698,
        2BFC68A9710345DE,
        F465A3078E1DC9B2,
        6FC0AE1973D5842B,
        AF905172DE64B8C3,
        23CBD4A1085F76E9,
        06B3791425EAF8CD,
        D367EB5A0F21C498,
        A01D2F73649EC8B5,
        50A8129C7F34E6BD,
        2931B5CA87EFD460,
        012DA3B7FC458E69,
        0A34C5F629B18E7D,
        213B68904F57DEAC,
        3D4FA9C7B2105E68,
        F67081AC32D5B4E9,
        6891EDB3F740A25C,
        973F20168D4A5EBC
      );
      runOnlyForDeploymentPostprocessing = 0;
    };
    09CBE671F2853D4A /* Sources */ = {
      isa = PBXSourcesBuildPhase;
      buildActionMask = 2147483647;
      files = (
        DC08714A32E9F5B6 /* MilliMasterBuildTests.swift in Sources */
      );
      runOnlyForDeploymentPostprocessing = 0;
    };
    9DF876543CE210AB /* Sources */ = {
      isa = PBXSourcesBuildPhase;
      buildActionMask = 2147483647;
      files = (
        FBDE673A9821C405 /* MilliMasterBuildUITests.swift in Sources */
      );
      runOnlyForDeploymentPostprocessing = 0;
    };
    /* End PBXSourcesBuildPhase section */

    /* Begin PBXContainerItemProxy section */
    63B8E972DFC15A40 /* PBXContainerItemProxy */ = {
      isa = PBXContainerItemProxy;
      containerPortal = B59A062E8F17CD34 /* Project object */;
      proxyType = 1;
      remoteGlobalIDString = 5796DA2EF81B430C;
      remoteInfo = "MilliMasterBuild";
    };
    01D82935ECF4AB67 /* PBXContainerItemProxy */ = {
      isa = PBXContainerItemProxy;
      containerPortal = B59A062E8F17CD34 /* Project object */;
      proxyType = 1;
      remoteGlobalIDString = 5796DA2EF81B430C;
      remoteInfo = "MilliMasterBuild";
    };
    /* End PBXContainerItemProxy section */

    /* Begin PBXTargetDependency section */
    B53671CFDE9284A0 /* PBXTargetDependency */ = {
      isa = PBXTargetDependency;
      target = 5796DA2EF81B430C /* MilliMasterBuild */;
      targetProxy = 63B8E972DFC15A40 /* PBXContainerItemProxy */;
    };
    1B0F25DE4369CA78 /* PBXTargetDependency */ = {
      isa = PBXTargetDependency;
      target = 5796DA2EF81B430C /* MilliMasterBuild */;
      targetProxy = 01D82935ECF4AB67 /* PBXContainerItemProxy */;
    };
    /* End PBXTargetDependency section */

    /* Begin XCBuildConfiguration section */
    409162E3CD5BA78F /* Debug */ = {
      isa = XCBuildConfiguration;
      buildSettings = {
        ALWAYS_SEARCH_USER_PATHS = NO;
        ASSETCATALOG_COMPILER_APPICON_NAME = AppIcon;
        ASSETCATALOG_COMPILER_GLOBAL_ACCENT_COLOR_NAME = AccentColor;
        CLANG_ANALYZER_NONNULL = YES;
        CLANG_ANALYZER_NUMBER_OBJECT_CONVERSION = YES_AGGRESSIVE;
        CLANG_CXX_LANGUAGE_STANDARD = "gnu++20";
        CLANG_ENABLE_MODULES = YES;
        CLANG_ENABLE_OBJC_ARC = YES;
        CLANG_ENABLE_OBJC_WEAK = YES;
        CODE_SIGN_STYLE = Automatic;
        CURRENT_PROJECT_VERSION = 1;
        DEVELOPMENT_ASSET_PATHS = "";
        DEVELOPMENT_TEAM = "";
        ENABLE_PREVIEWS = YES;
        ENABLE_STRICT_OBJC_MSGSEND = YES;
        ENABLE_TESTABILITY = YES;
        FRAMEWORK_SEARCH_PATHS = (
          "$(inherited)",
          "$(SDKROOT)/System/Library/Frameworks"
        );
        GCC_C_LANGUAGE_STANDARD = gnu11;
        GCC_DYNAMIC_NO_PIC = NO;
        GCC_NO_COMMON_BLOCKS = YES;
        GCC_OPTIMIZATION_LEVEL = 0;
        GCC_PREPROCESSOR_DEFINITIONS = (
          "DEBUG=1",
          "$(inherited)",
        );
        GENERATE_INFOPLIST_FILE = YES;
        INFOPLIST_KEY_UIApplicationSceneManifest_Generation = YES;
        INFOPLIST_KEY_UILaunchScreen_Generation = YES;
        IPHONEOS_DEPLOYMENT_TARGET = 15.0;
        LD_RUNPATH_SEARCH_PATHS = (
          "$(inherited)",
          "@executable_path/Frameworks",
        );
        MARKETING_VERSION = 1.0;
        MTL_ENABLE_DEBUG_INFO = INCLUDE_SOURCE;
        MTL_FAST_MATH = YES;
        ONLY_ACTIVE_ARCH = YES;
        PRODUCT_BUNDLE_IDENTIFIER = "com.example.millimasterbuild";
        PRODUCT_NAME = "$(TARGET_NAME)";
        SDKROOT = iphoneos;
        SUPPORTED_PLATFORMS = "iphoneos iphonesimulator";
        SUPPORTS_MACCATALYST = NO;
        SUPPORTS_MAC_DESIGNED_FOR_IPHONE_IPAD = NO;
        SWIFT_ACTIVE_COMPILATION_CONDITIONS = DEBUG;
        SWIFT_EMIT_LOC_STRINGS = YES;
        SWIFT_OPTIMIZATION_LEVEL = "-Onone";
        SWIFT_VERSION = 5.0;
        TARGETED_DEVICE_FAMILY = "1,2";
      };
      name = Debug;
    };
    B75894DEA32CF610 /* Release */ = {
      isa = XCBuildConfiguration;
      buildSettings = {
        ALWAYS_SEARCH_USER_PATHS = NO;
        ASSETCATALOG_COMPILER_APPICON_NAME = AppIcon;
        ASSETCATALOG_COMPILER_GLOBAL_ACCENT_COLOR_NAME = AccentColor;
        CLANG_ANALYZER_NONNULL = YES;
        CLANG_ANALYZER_NUMBER_OBJECT_CONVERSION = YES_AGGRESSIVE;
        CLANG_CXX_LANGUAGE_STANDARD = "gnu++20";
        CLANG_ENABLE_MODULES = YES;
        CLANG_ENABLE_OBJC_ARC = YES;
        CLANG_ENABLE_OBJC_WEAK = YES;
        CODE_SIGN_STYLE = Automatic;
        COPY_PHASE_STRIP = NO;
        CURRENT_PROJECT_VERSION = 1;
        DEVELOPMENT_ASSET_PATHS = "";
        DEVELOPMENT_TEAM = "";
        ENABLE_NS_ASSERTIONS = NO;
        ENABLE_PREVIEWS = YES;
        ENABLE_STRICT_OBJC_MSGSEND = YES;
        FRAMEWORK_SEARCH_PATHS = (
          "$(inherited)",
          "$(SDKROOT)/System/Library/Frameworks"
        );
        GCC_C_LANGUAGE_STANDARD = gnu11;
        GCC_NO_COMMON_BLOCKS = YES;
        GENERATE_INFOPLIST_FILE = YES;
        INFOPLIST_KEY_UIApplicationSceneManifest_Generation = YES;
        INFOPLIST_KEY_UILaunchScreen_Generation = YES;
        IPHONEOS_DEPLOYMENT_TARGET = 15.0;
        LD_RUNPATH_SEARCH_PATHS = (
          "$(inherited)",
          "@executable_path/Frameworks",
        );
        MARKETING_VERSION = 1.0;
        MTL_ENABLE_DEBUG_INFO = NO;
        MTL_FAST_MATH = YES;
        PRODUCT_BUNDLE_IDENTIFIER = "com.example.millimasterbuild";
        PRODUCT_NAME = "$(TARGET_NAME)";
        SDKROOT = iphoneos;
        SUPPORTED_PLATFORMS = "iphoneos iphonesimulator";
        SUPPORTS_MACCATALYST = NO;
        SUPPORTS_MAC_DESIGNED_FOR_IPHONE_IPAD = NO;
        SWIFT_COMPILATION_MODE = wholemodule;
        SWIFT_EMIT_LOC_STRINGS = YES;
        SWIFT_OPTIMIZATION_LEVEL = "-O";
        SWIFT_VERSION = 5.0;
        TARGETED_DEVICE_FAMILY = "1,2";
        VALIDATE_PRODUCT = YES;
      };
      name = Release;
    };
    64D2E58B1F3C0A97 /* Debug */ = {
      isa = XCBuildConfiguration;
      buildSettings = {
        BUNDLE_LOADER = "$(TEST_HOST)";
        CODE_SIGN_STYLE = Automatic;
        CURRENT_PROJECT_VERSION = 1;
        GENERATE_INFOPLIST_FILE = YES;
        IPHONEOS_DEPLOYMENT_TARGET = 15.0;
        MARKETING_VERSION = 1.0;
        PRODUCT_BUNDLE_IDENTIFIER = "com.example.millimasterbuild.Tests";
        PRODUCT_NAME = "$(TARGET_NAME)";
        SDKROOT = iphoneos;
        SUPPORTED_PLATFORMS = "iphoneos iphonesimulator";
        SUPPORTS_MACCATALYST = NO;
        SUPPORTS_MAC_DESIGNED_FOR_IPHONE_IPAD = NO;
        SWIFT_EMIT_LOC_STRINGS = NO;
        SWIFT_VERSION = 5.0;
        TARGETED_DEVICE_FAMILY = "1,2";
        TEST_HOST = "$(BUILT_PRODUCTS_DIR)/MilliMasterBuild.app/$(BUNDLE_EXECUTABLE_FOLDER_PATH)/MilliMasterBuild";
      };
      name = Debug;
    };
    9F243DBA5E1670C8 /* Release */ = {
      isa = XCBuildConfiguration;
      buildSettings = {
        BUNDLE_LOADER = "$(TEST_HOST)";
        CODE_SIGN_STYLE = Automatic;
        CURRENT_PROJECT_VERSION = 1;
        GENERATE_INFOPLIST_FILE = YES;
        IPHONEOS_DEPLOYMENT_TARGET = 15.0;
        MARKETING_VERSION = 1.0;
        PRODUCT_BUNDLE_IDENTIFIER = "com.example.millimasterbuild.Tests";
        PRODUCT_NAME = "$(TARGET_NAME)";
        SDKROOT = iphoneos;
        SUPPORTED_PLATFORMS = "iphoneos iphonesimulator";
        SUPPORTS_MACCATALYST = NO;
        SUPPORTS_MAC_DESIGNED_FOR_IPHONE_IPAD = NO;
        SWIFT_EMIT_LOC_STRINGS = NO;
        SWIFT_VERSION = 5.0;
        TARGETED_DEVICE_FAMILY = "1,2";
        TEST_HOST = "$(BUILT_PRODUCTS_DIR)/MilliMasterBuild.app/$(BUNDLE_EXECUTABLE_FOLDER_PATH)/MilliMasterBuild";
        VALIDATE_PRODUCT = YES;
      };
      name = Release;
    };
    3D72B1540CE68A9F /* Debug */ = {
      isa = XCBuildConfiguration;
      buildSettings = {
        CODE_SIGN_STYLE = Automatic;
        CURRENT_PROJECT_VERSION = 1;
        GENERATE_INFOPLIST_FILE = YES;
        MARKETING_VERSION = 1.0;
        PRODUCT_BUNDLE_IDENTIFIER = "com.example.millimasterbuild.UITests";
        PRODUCT_NAME = "$(TARGET_NAME)";
        SDKROOT = iphoneos;
        SUPPORTED_PLATFORMS = "iphoneos iphonesimulator";
        SUPPORTS_MACCATALYST = NO;
        SUPPORTS_MAC_DESIGNED_FOR_IPHONE_IPAD = NO;
        SWIFT_EMIT_LOC_STRINGS = NO;
        SWIFT_VERSION = 5.0;
        TARGETED_DEVICE_FAMILY = "1,2";
        TEST_TARGET_NAME = MilliMasterBuild;
      };
      name = Debug;
    };
    05E1F2CD6A8B4739 /* Release */ = {
      isa = XCBuildConfiguration;
      buildSettings = {
        CODE_SIGN_STYLE = Automatic;
        CURRENT_PROJECT_VERSION = 1;
        GENERATE_INFOPLIST_FILE = YES;
        MARKETING_VERSION = 1.0;
        PRODUCT_BUNDLE_IDENTIFIER = "com.example.millimasterbuild.UITests";
        PRODUCT_NAME = "$(TARGET_NAME)";
        SDKROOT = iphoneos;
        SUPPORTED_PLATFORMS = "iphoneos iphonesimulator";
        SUPPORTS_MACCATALYST = NO;
        SUPPORTS_MAC_DESIGNED_FOR_IPHONE_IPAD = NO;
        SWIFT_EMIT_LOC_STRINGS = NO;
        SWIFT_VERSION = 5.0;
        TARGETED_DEVICE_FAMILY = "1,2";
        TEST_TARGET_NAME = MilliMasterBuild;
        VALIDATE_PRODUCT = YES;
      };
      name = Release;
    };
    /* End XCBuildConfiguration section */

    /* Begin XCConfigurationList section */
    5EA381F7D426C0B9 /* Build configuration list for PBXProject "MilliMasterBuild" */ = {
      isa = XCConfigurationList;
      buildConfigurations = (
        409162E3CD5BA78F /* Debug */,
        B75894DEA32CF610 /* Release */
      );
      defaultConfigurationIsVisible = 0;
      defaultConfigurationName = Release;
    };
    B01273C48A9E5FD6 /* Build configuration list for PBXNativeTarget "MilliMasterBuild" */ = {
      isa = XCConfigurationList;
      buildConfigurations = (
        409162E3CD5BA78F /* Debug */,
        B75894DEA32CF610 /* Release */
      );
      defaultConfigurationIsVisible = 0;
      defaultConfigurationName = Release;
    };
    84031BE2D5A9F67C /* Build configuration list for PBXNativeTarget "MilliMasterBuildTests" */ = {
      isa = XCConfigurationList;
      buildConfigurations = (
        64D2E58B1F3C0A97 /* Debug */,
        9F243DBA5E1670C8 /* Release */
      );
      defaultConfigurationIsVisible = 0;
      defaultConfigurationName = Release;
    };
    4F0B6A9721ECD835 /* Build configuration list for PBXNativeTarget "MilliMasterBuildUITests" */ = {
      isa = XCConfigurationList;
      buildConfigurations = (
        3D72B1540CE68A9F /* Debug */,
        05E1F2CD6A8B4739 /* Release */
      );
      defaultConfigurationIsVisible = 0;
      defaultConfigurationName = Release;
    };
    /* End XCConfigurationList section */

  };
  rootObject = B59A062E8F17CD34 /* Project object */;
}
