// !$*UTF8*$!
{
  archiveVersion = 1;
  classes = {
  };
  objectVersion = 56;
  objects = {

    /* Begin PBXBuildFile section */
    0653D9AC4B1FE728 /* MilliColors.swift in Sources */ = {isa = PBXBuildFile; fileRef = 60F83ECB24179A5D; };
    9E0126B34AD7C58F /* MilliCenterMButton.swift in Sources */ = {isa = PBXBuildFile; fileRef = B23CF1E4D07A6985; };
    071ECB249FA63D58 /* MilliNavBar.swift in Sources */ = {isa = PBXBuildFile; fileRef = 90F2B35D8A14E76C; };
    3178469AED0CF25B /* ContentView.swift in Sources */ = {isa = PBXBuildFile; fileRef = 654372CF1D890BAE; };
    D9054EFA2C8B3716 /* README.md in Sources */ = {isa = PBXBuildFile; fileRef = 7CAB96FE20534D81; };
    02738541B6AC9DEF /* View+PressEvents.swift in Sources */ = {isa = PBXBuildFile; fileRef = A7FB01E9D58624C3; };
    0DA71E93246CB8F5 /* HomeDashboardView.swift in Sources */ = {isa = PBXBuildFile; fileRef = 27A3C5DB9104E8F6; };
    C0431E897DF2A56B /* FinancialData.swift in Sources */ = {isa = PBXBuildFile; fileRef = 43A582EDC91706BF; };
    76DEB54F321089CA /* MilliViewModel.swift in Sources */ = {isa = PBXBuildFile; fileRef = 0F71E58B624CD9A3; };
    C60A15D9FE38742B /* MileageView.swift in Sources */ = {isa = PBXBuildFile; fileRef = 4381B2C9E0A5F7D6; };
    B35ED0A12C49687F /* MilliApp.swift in Sources */ = {isa = PBXBuildFile; fileRef = 7058EF9D1C2634BA; };
    74E2103FC5BD68A9 /* SecurityManager.swift in Sources */ = {isa = PBXBuildFile; fileRef = FC3582A4EB679D10; };
    C21F384670AD9B5E /* WealthView.swift in Sources */ = {isa = PBXBuildFile; fileRef = 5F21740C6BD398AE; };
    E65BA7D4C38921F0 /* PlaidManager.swift in Sources */ = {isa = PBXBuildFile; fileRef = B0C192D53F47E68A; };
    3D6BFE259A17084C /* MilliAIViewModel.swift in Sources */ = {isa = PBXBuildFile; fileRef = 1678253BF09DA4CE; };
    94B2C7653F0AD8E1 /* MilliAIService.swift in Sources */ = {isa = PBXBuildFile; fileRef = 6EDF8935170B2AC4; };
    01B7E54369CF28AD /* MilliAIOverlayView.swift in Sources */ = {isa = PBXBuildFile; fileRef = 01234B5876A9FCED; };
    0FB1E3DCA4257968 /* MilliSettingsView.swift in Sources */ = {isa = PBXBuildFile; fileRef = 35B1D82679F04ECA; };
    9A408B13CD657F2E /* Assets.xcassets in Sources */ = {isa = PBXBuildFile; fileRef = 821B5036CE9FA47D; };
    DB01237CF456E9A8 /* LockScreenView.swift in Sources */ = {isa = PBXBuildFile; fileRef = 65DBA4EC93F72810; };
    64F081DBC93E572A /* MileageEntry.swift in Sources */ = {isa = PBXBuildFile; fileRef = F352471860AEC9BD; };
    5CF6DA9703E1B482 /* PayoutsView.swift in Sources */ = {isa = PBXBuildFile; fileRef = 5C238197BFDE64A0; };
    0C981354DBF2E7A6 /* AddEntryView.swift in Sources */ = {isa = PBXBuildFile; fileRef = 1378B4FD5962A0EC; };
    912543D0F8ACB7E6 /* ConnectBankView.swift in Sources */ = {isa = PBXBuildFile; fileRef = 26F190374ACE5B8D; };
    761E340D5A8C9F2B /* MilliCardView.swift in Sources */ = {isa = PBXBuildFile; fileRef = C372D1E948FA056B; };
    4FB369A5E21DC087 /* MilliFinancialCard.swift in Sources */ = {isa = PBXBuildFile; fileRef = 017E4BCF9A35826D; };
    D60B3F49A172E58C /* MilliMetricCard.swift in Sources */ = {isa = PBXBuildFile; fileRef = A768DBF041925E3C; };
    A1057F6C9283E4BD /* MilliAIOverlay.swift in Sources */ = {isa = PBXBuildFile; fileRef = 9E432F87DCB615A0; };
    0CEF9D2534781AB6 /* MilliModels.swift in Sources */ = {isa = PBXBuildFile; fileRef = E528B147D396ACF0; };
    9BF0637A514CD2E8 /* MilliTypography.swift in Sources */ = {isa = PBXBuildFile; fileRef = 63254B819F07DCAE; };
    3C7F905DEB214A86 /* MilliComponents.swift in Sources */ = {isa = PBXBuildFile; fileRef = 2E0D659BAC417F38; };
    1B4FC59AD702638E /* FinancialReceiptView.swift in Sources */ = {isa = PBXBuildFile; fileRef = B52DA890C14376FE; };
    F0E8937BDC65A124 /* TaxVaultView.swift in Sources */ = {isa = PBXBuildFile; fileRef = 24B68E1D7935AFC0; };
    C897EF54DA362B10 /* MilliLogicTests.swift in Sources */ = {isa = PBXBuildFile; fileRef = B324AD5170EC698F; };
    8DEF2A3B15947C60 /* MilliUITests.swift in Sources */ = {isa = PBXBuildFile; fileRef = 71ED9046C3B58AF2; };
    A7D6F45B832190CE /* MilliMasterBuildTests.swift in Sources */ = {isa = PBXBuildFile; fileRef = 95E432AF71BD680C; };
    2916F54DCE80BA73 /* MilliMasterBuildUITests.swift in Sources */ = {isa = PBXBuildFile; fileRef = 2839EB56F41CAD07; };
    07F49E12A8BCD356 /* SwiftUI.framework in Frameworks */ = {isa = PBXBuildFile; fileRef = 52B68C7034F9EA1D; };
    /* End PBXBuildFile section */

    /* Begin PBXFileReference section */
    26487F1DA3BC0E95 /* MilliMasterBuild.app */ = {isa = PBXFileReference; explicitFileType = wrapper.application; includeInIndex = 0; path = "MilliMasterBuild.app"; sourceTree = BUILT_PRODUCTS_DIR; };
    60F83ECB24179A5D /* MilliColors.swift */ = {isa = PBXFileReference; lastKnownFileType = sourcecode.swift; path = "MilliColors.swift"; sourceTree = "<group>"; };
    B23CF1E4D07A6985 /* MilliCenterMButton.swift */ = {isa = PBXFileReference; lastKnownFileType = sourcecode.swift; path = "MilliCenterMButton.swift"; sourceTree = "<group>"; };
    90F2B35D8A14E76C /* MilliNavBar.swift */ = {isa = PBXFileReference; lastKnownFileType = sourcecode.swift; path = "MilliNavBar.swift"; sourceTree = "<group>"; };
    654372CF1D890BAE /* ContentView.swift */ = {isa = PBXFileReference; lastKnownFileType = sourcecode.swift; path = "ContentView.swift"; sourceTree = "<group>"; };
    7CAB96FE20534D81 /* README.md */ = {isa = PBXFileReference; lastKnownFileType = text.markdown; path = "README.md"; sourceTree = "<group>"; };
    A7FB01E9D58624C3 /* View+PressEvents.swift */ = {isa = PBXFileReference; lastKnownFileType = sourcecode.swift; path = "View+PressEvents.swift"; sourceTree = "<group>"; };
    27A3C5DB9104E8F6 /* HomeDashboardView.swift */ = {isa = PBXFileReference; lastKnownFileType = sourcecode.swift; path = "HomeDashboardView.swift"; sourceTree = "<group>"; };
    43A582EDC91706BF /* FinancialData.swift */ = {isa = PBXFileReference; lastKnownFileType = sourcecode.swift; path = "FinancialData.swift"; sourceTree = "<group>"; };
    0F71E58B624CD9A3 /* MilliViewModel.swift */ = {isa = PBXFileReference; lastKnownFileType = sourcecode.swift; path = "MilliViewModel.swift"; sourceTree = "<group>"; };
    4381B2C9E0A5F7D6 /* MileageView.swift */ = {isa = PBXFileReference; lastKnownFileType = sourcecode.swift; path = "MileageView.swift"; sourceTree = "<group>"; };
    7058EF9D1C2634BA /* MilliApp.swift */ = {isa = PBXFileReference; lastKnownFileType = sourcecode.swift; path = "MilliApp.swift"; sourceTree = "<group>"; };
    FC3582A4EB679D10 /* SecurityManager.swift */ = {isa = PBXFileReference; lastKnownFileType = sourcecode.swift; path = "SecurityManager.swift"; sourceTree = "<group>"; };
    5F21740C6BD398AE /* WealthView.swift */ = {isa = PBXFileReference; lastKnownFileType = sourcecode.swift; path = "WealthView.swift"; sourceTree = "<group>"; };
    B0C192D53F47E68A /* PlaidManager.swift */ = {isa = PBXFileReference; lastKnownFileType = sourcecode.swift; path = "PlaidManager.swift"; sourceTree = "<group>"; };
    1678253BF09DA4CE /* MilliAIViewModel.swift */ = {isa = PBXFileReference; lastKnownFileType = sourcecode.swift; path = "MilliAIViewModel.swift"; sourceTree = "<group>"; };
    6EDF8935170B2AC4 /* MilliAIService.swift */ = {isa = PBXFileReference; lastKnownFileType = sourcecode.swift; path = "MilliAIService.swift"; sourceTree = "<group>"; };
    01234B5876A9FCED /* MilliAIOverlayView.swift */ = {isa = PBXFileReference; lastKnownFileType = sourcecode.swift; path = "MilliAIOverlayView.swift"; sourceTree = "<group>"; };
    35B1D82679F04ECA /* MilliSettingsView.swift */ = {isa = PBXFileReference; lastKnownFileType = sourcecode.swift; path = "MilliSettingsView.swift"; sourceTree = "<group>"; };
    821B5036CE9FA47D /* Assets.xcassets */ = {isa = PBXFileReference; lastKnownFileType = folder.assetcatalog; path = "Assets.xcassets"; sourceTree = "<group>"; };
    65DBA4EC93F72810 /* LockScreenView.swift */ = {isa = PBXFileReference; lastKnownFileType = sourcecode.swift; path = "LockScreenView.swift"; sourceTree = "<group>"; };
    F352471860AEC9BD /* MileageEntry.swift */ = {isa = PBXFileReference; lastKnownFileType = sourcecode.swift; path = "MileageEntry.swift"; sourceTree = "<group>"; };
    5C238197BFDE64A0 /* PayoutsView.swift */ = {isa = PBXFileReference; lastKnownFileType = sourcecode.swift; path = "PayoutsView.swift"; sourceTree = "<group>"; };
    1378B4FD5962A0EC /* AddEntryView.swift */ = {isa = PBXFileReference; lastKnownFileType = sourcecode.swift; path = "AddEntryView.swift"; sourceTree = "<group>"; };
    26F190374ACE5B8D /* ConnectBankView.swift */ = {isa = PBXFileReference; lastKnownFileType = sourcecode.swift; path = "ConnectBankView.swift"; sourceTree = "<group>"; };
    C372D1E948FA056B /* MilliCardView.swift */ = {isa = PBXFileReference; lastKnownFileType = sourcecode.swift; path = "MilliCardView.swift"; sourceTree = "<group>"; };
    017E4BCF9A35826D /* MilliFinancialCard.swift */ = {isa = PBXFileReference; lastKnownFileType = sourcecode.swift; path = "MilliFinancialCard.swift"; sourceTree = "<group>"; };
    A768DBF041925E3C /* MilliMetricCard.swift */ = {isa = PBXFileReference; lastKnownFileType = sourcecode.swift; path = "MilliMetricCard.swift"; sourceTree = "<group>"; };
    9E432F87DCB615A0 /* MilliAIOverlay.swift */ = {isa = PBXFileReference; lastKnownFileType = sourcecode.swift; path = "MilliAIOverlay.swift"; sourceTree = "<group>"; };
    E528B147D396ACF0 /* MilliModels.swift */ = {isa = PBXFileReference; lastKnownFileType = sourcecode.swift; path = "MilliModels.swift"; sourceTree = "<group>"; };
    63254B819F07DCAE /* MilliTypography.swift */ = {isa = PBXFileReference; lastKnownFileType = sourcecode.swift; path = "MilliTypography.swift"; sourceTree = "<group>"; };
    2E0D659BAC417F38 /* MilliComponents.swift */ = {isa = PBXFileReference; lastKnownFileType = sourcecode.swift; path = "MilliComponents.swift"; sourceTree = "<group>"; };
    B52DA890C14376FE /* FinancialReceiptView.swift */ = {isa = PBXFileReference; lastKnownFileType = sourcecode.swift; path = "FinancialReceiptView.swift"; sourceTree = "<group>"; };
    24B68E1D7935AFC0 /* TaxVaultView.swift */ = {isa = PBXFileReference; lastKnownFileType = sourcecode.swift; path = "TaxVaultView.swift"; sourceTree = "<group>"; };
    B324AD5170EC698F /* MilliLogicTests.swift */ = {isa = PBXFileReference; lastKnownFileType = sourcecode.swift; path = "MilliLogicTests.swift"; sourceTree = "<group>"; };
    71ED9046C3B58AF2 /* MilliUITests.swift */ = {isa = PBXFileReference; lastKnownFileType = sourcecode.swift; path = "MilliUITests.swift"; sourceTree = "<group>"; };
    95E432AF71BD680C /* MilliMasterBuildTests.swift */ = {isa = PBXFileReference; lastKnownFileType = sourcecode.swift; path = "MilliMasterBuildTests.swift"; sourceTree = "<group>"; };
    2839EB56F41CAD07 /* MilliMasterBuildUITests.swift */ = {isa = PBXFileReference; lastKnownFileType = sourcecode.swift; path = "MilliMasterBuildUITests.swift"; sourceTree = "<group>"; };
    47BA0D2F318C659E /* MilliMasterBuildTests.xctest */ = {isa = PBXFileReference; explicitFileType = wrapper.cfbundle; includeInIndex = 0; path = "MilliMasterBuildTests.xctest"; sourceTree = BUILT_PRODUCTS_DIR; };
    43EA8572109BDF6C /* MilliMasterBuildUITests.xctest */ = {isa = PBXFileReference; explicitFileType = wrapper.cfbundle; includeInIndex = 0; path = "MilliMasterBuildUITests.xctest"; sourceTree = BUILT_PRODUCTS_DIR; };
    52B68C7034F9EA1D /* SwiftUI.framework */ = {isa = PBXFileReference; lastKnownFileType = wrapper.framework; name = SwiftUI.framework; path = System/Library/Frameworks/SwiftUI.framework; sourceTree = SDKROOT; };
    /* End PBXFileReference section */

    /* Begin PBXFrameworksBuildPhase section */
    D2B608E1F93457CA /* Frameworks */ = {
      isa = PBXFrameworksBuildPhase;
      buildActionMask = 2147483647;
      files = (
        07F49E12A8BCD356 /* SwiftUI.framework in Frameworks */
      );
      runOnlyForDeploymentPostprocessing = 0;
    };
    7C392D41F5086ABE /* Frameworks */ = {
      isa = PBXFrameworksBuildPhase;
      buildActionMask = 2147483647;
      files = (
      );
      runOnlyForDeploymentPostprocessing = 0;
    };
    EF93065417DA2C8B /* Frameworks */ = {
      isa = PBXFrameworksBuildPhase;
      buildActionMask = 2147483647;
      files = (
      );
      runOnlyForDeploymentPostprocessing = 0;
    };
    /* End PBXFrameworksBuildPhase section */

    /* Begin PBXGroup section */
    17D40C8EAB32F596 /* Main Group */ = {
      isa = PBXGroup;
      children = (
        0D1AF72BC958E346 /* MilliMasterBuild */,
        B0F3A9542D6EC718 /* MilliMasterBuildTests */,
        7F0689D13CB42A5E /* MilliMasterBuildUITests */,
        3B9106ACD2458EF7 /* Products */
      );
      sourceTree = "<group>";
    };
    0D1AF72BC958E346 /* MilliMasterBuild */ = {
      isa = PBXGroup;
      children = (
        DB3C2A19084F5E67,
        89E3D0A5C74F1B26,
        4E3BA25D1C9F7068,
        CB7AE60D91F52834,
        23084EA5B196F7CD,
        AE45321F98DB76C0,
        1C4538DA7F2EB096,
        3218DA95CB40E76F,
        C62905EF1B7483AD,
        6092DBE7581F34AC,
        60F83ECB24179A5D,
        B23CF1E4D07A6985,
        90F2B35D8A14E76C,
        7CAB96FE20534D81,
        27A3C5DB9104E8F6,
        43A582EDC91706BF,
        4381B2C9E0A5F7D6,
        7058EF9D1C2634BA,
        5F21740C6BD398AE,
        6EDF8935170B2AC4,
        01234B5876A9FCED,
        35B1D82679F04ECA,
        5C238197BFDE64A0,
        C372D1E948FA056B,
        9E432F87DCB615A0,
        63254B819F07DCAE,
        2E0D659BAC417F38,
        B52DA890C14376FE,
        24B68E1D7935AFC0
      );
      path = "MilliMasterBuild";
      sourceTree = "<group>";
    };
    
    DB3C2A19084F5E67 /* Views */ = {
      isa = PBXGroup;
      children = (
        654372CF1D890BAE,
        65DBA4EC93F72810,
        1378B4FD5962A0EC,
        26F190374ACE5B8D
      );
      path = "Views";
      sourceTree = "<group>";
    };
    89E3D0A5C74F1B26 /* Milli */ = {
      isa = PBXGroup;
      children = (
        3254781BED0FAC69
      );
      path = "Milli";
      sourceTree = "<group>";
    };
    3254781BED0FAC69 /* Extensions */ = {
      isa = PBXGroup;
      children = (
        A7FB01E9D58624C3
      );
      path = "Extensions";
      sourceTree = "<group>";
    };
    4E3BA25D1C9F7068 /* ViewModels */ = {
      isa = PBXGroup;
      children = (
        0F71E58B624CD9A3,
        1678253BF09DA4CE
      );
      path = "ViewModels";
      sourceTree = "<group>";
    };
    CB7AE60D91F52834 /* Security */ = {
      isa = PBXGroup;
      children = (
        FC3582A4EB679D10
      );
      path = "Security";
      sourceTree = "<group>";
    };
    23084EA5B196F7CD /* Services */ = {
      isa = PBXGroup;
      children = (
        B0C192D53F47E68A
      );
      path = "Services";
      sourceTree = "<group>";
    };
    AE45321F98DB76C0 /* Assets */ = {
      isa = PBXGroup;
      children = (
        821B5036CE9FA47D
      );
      path = "Assets";
      sourceTree = "<group>";
    };
    1C4538DA7F2EB096 /* Models */ = {
      isa = PBXGroup;
      children = (
        F352471860AEC9BD,
        E528B147D396ACF0
      );
      path = "Models";
      sourceTree = "<group>";
    };
    3218DA95CB40E76F /* Components */ = {
      isa = PBXGroup;
      children = (
        017E4BCF9A35826D,
        A768DBF041925E3C
      );
      path = "Components";
      sourceTree = "<group>";
    };
    C62905EF1B7483AD /* MilliTests */ = {
      isa = PBXGroup;
      children = (
        B324AD5170EC698F
      );
      path = "MilliTests";
      sourceTree = "<group>";
    };
    6092DBE7581F34AC /* MilliUITests */ = {
      isa = PBXGroup;
      children = (
        71ED9046C3B58AF2
      );
      path = "MilliUITests";
      sourceTree = "<group>";
    };
    B0F3A9542D6EC718 /* MilliMasterBuildTests */ = {
      isa = PBXGroup;
      children = (
        95E432AF71BD680C /* MilliMasterBuildTests.swift */
      );
      path = "MilliMasterBuildTests";
      sourceTree = "<group>";
    };
    7F0689D13CB42A5E /* MilliMasterBuildUITests */ = {
      isa = PBXGroup;
      children = (
        2839EB56F41CAD07 /* MilliMasterBuildUITests.swift */
      );
      path = "MilliMasterBuildUITests";
      sourceTree = "<group>";
    };
    3B9106ACD2458EF7 /* Products */ = {
      isa = PBXGroup;
      children = (
        26487F1DA3BC0E95 /* MilliMasterBuild.app */,
        47BA0D2F318C659E /* MilliMasterBuildTests.xctest */,
        43EA8572109BDF6C /* MilliMasterBuildUITests.xctest */
      );
      name = Products;
      sourceTree = "<group>";
    };
    /* End PBXGroup section */

    /* Begin PBXNativeTarget section */
    6F7E5392D0BAC481 /* MilliMasterBuild */ = {
      isa = PBXNativeTarget;
      buildConfigurationList = BC0E47A395168F2D /* Build configuration list for PBXNativeTarget "MilliMasterBuild" */;
      buildPhases = (
        0F1CB8D72E53A469 /* Sources */,
        D2B608E1F93457CA /* Frameworks */
      );
      buildRules = (
      );
      dependencies = (
      );
      name = "MilliMasterBuild";
      productName = "MilliMasterBuild";
      productReference = 26487F1DA3BC0E95 /* MilliMasterBuild.app */;
      productType = "com.apple.product-type.application";
    };
    CAE0D7B9148F2635 /* MilliMasterBuildTests */ = {
      isa = PBXNativeTarget;
      buildConfigurationList = 382047D1F56C9EBA /* Build configuration list for PBXNativeTarget "MilliMasterBuildTests" */;
      buildPhases = (
        F5473CB2DE10869A /* Sources */,
        7C392D41F5086ABE /* Frameworks */
      );
      buildRules = (
      );
      dependencies = (
        B72904DCE5381A6F /* PBXTargetDependency */
      );
      name = "MilliMasterBuildTests";
      productName = "MilliMasterBuildTests";
      productReference = 47BA0D2F318C659E /* MilliMasterBuildTests.xctest */;
      productType = "com.apple.product-type.bundle.unit-test";
    };
    BE21498DC6A3507F /* MilliMasterBuildUITests */ = {
      isa = PBXNativeTarget;
      buildConfigurationList = 40DC613F852A97BE /* Build configuration list for PBXNativeTarget "MilliMasterBuildUITests" */;
      buildPhases = (
        A0FC612735DE498B /* Sources */,
        EF93065417DA2C8B /* Frameworks */
      );
      buildRules = (
      );
      dependencies = (
        D5B4091C8A72EF36 /* PBXTargetDependency */
      );
      name = "MilliMasterBuildUITests";
      productName = "MilliMasterBuildUITests";
      productReference = 43EA8572109BDF6C /* MilliMasterBuildUITests.xctest */;
      productType = "com.apple.product-type.bundle.ui-testing";
    };
    /* End PBXNativeTarget section */

    /* Begin PBXProject section */
    26937FAB14C58E0D /* Project object */ = {
      isa = PBXProject;
      attributes = {
        LastSwiftUpdateCheck = 1500;
        LastUpgradeCheck = 1500;
        TargetAttributes = {
          6F7E5392D0BAC481 = {
            CreatedOnToolsVersion = 15.0;
          };
          CAE0D7B9148F2635 = {
            CreatedOnToolsVersion = 15.0;
            TestTargetID = 6F7E5392D0BAC481;
          };
          BE21498DC6A3507F = {
            CreatedOnToolsVersion = 15.0;
            TestTargetID = 6F7E5392D0BAC481;
          };
        };
      };
      buildConfigurationList = 92B1C60A4F73D8E5 /* Build configuration list for PBXProject "MilliMasterBuild" */;
      compatibilityVersion = "Xcode 14.0";
      developmentRegion = en;
      hasScannedForEncodings = 0;
      knownRegions = (
        en,
        Base
      );
      mainGroup = 17D40C8EAB32F596;
      productRefGroup = 3B9106ACD2458EF7 /* Products */;
      projectDirPath = "";
      projectRoot = "";
      targets = (
        6F7E5392D0BAC481 /* MilliMasterBuild */,
        CAE0D7B9148F2635 /* MilliMasterBuildTests */,
        BE21498DC6A3507F /* MilliMasterBuildUITests */
      );
    };
    /* End PBXProject section */

    /* Begin PBXSourcesBuildPhase section */
    0F1CB8D72E53A469 /* Sources */ = {
      isa = PBXSourcesBuildPhase;
      buildActionMask = 2147483647;
      files = (
        0653D9AC4B1FE728,
        9E0126B34AD7C58F,
        071ECB249FA63D58,
        3178469AED0CF25B,
        D9054EFA2C8B3716,
        02738541B6AC9DEF,
        0DA71E93246CB8F5,
        C0431E897DF2A56B,
        76DEB54F321089CA,
        C60A15D9FE38742B,
        B35ED0A12C49687F,
        74E2103FC5BD68A9,
        C21F384670AD9B5E,
        E65BA7D4C38921F0,
        3D6BFE259A17084C,
        94B2C7653F0AD8E1,
        01B7E54369CF28AD,
        0FB1E3DCA4257968,
        9A408B13CD657F2E,
        DB01237CF456E9A8,
        64F081DBC93E572A,
        5CF6DA9703E1B482,
        0C981354DBF2E7A6,
        912543D0F8ACB7E6,
        761E340D5A8C9F2B,
        4FB369A5E21DC087,
        D60B3F49A172E58C,
        A1057F6C9283E4BD,
        0CEF9D2534781AB6,
        9BF0637A514CD2E8,
        3C7F905DEB214A86,
        1B4FC59AD702638E,
        F0E8937BDC65A124,
        C897EF54DA362B10,
        8DEF2A3B15947C60
      );
      runOnlyForDeploymentPostprocessing = 0;
    };
    F5473CB2DE10869A /* Sources */ = {
      isa = PBXSourcesBuildPhase;
      buildActionMask = 2147483647;
      files = (
        A7D6F45B832190CE /* MilliMasterBuildTests.swift in Sources */
      );
      runOnlyForDeploymentPostprocessing = 0;
    };
    A0FC612735DE498B /* Sources */ = {
      isa = PBXSourcesBuildPhase;
      buildActionMask = 2147483647;
      files = (
        2916F54DCE80BA73 /* MilliMasterBuildUITests.swift in Sources */
      );
      runOnlyForDeploymentPostprocessing = 0;
    };
    /* End PBXSourcesBuildPhase section */

    /* Begin PBXContainerItemProxy section */
    45739FDB8C1062AE /* PBXContainerItemProxy */ = {
      isa = PBXContainerItemProxy;
      containerPortal = 26937FAB14C58E0D /* Project object */;
      proxyType = 1;
      remoteGlobalIDString = 6F7E5392D0BAC481;
      remoteInfo = "MilliMasterBuild";
    };
    B9023EC6485D17FA /* PBXContainerItemProxy */ = {
      isa = PBXContainerItemProxy;
      containerPortal = 26937FAB14C58E0D /* Project object */;
      proxyType = 1;
      remoteGlobalIDString = 6F7E5392D0BAC481;
      remoteInfo = "MilliMasterBuild";
    };
    /* End PBXContainerItemProxy section */

    /* Begin PBXTargetDependency section */
    B72904DCE5381A6F /* PBXTargetDependency */ = {
      isa = PBXTargetDependency;
      target = 6F7E5392D0BAC481 /* MilliMasterBuild */;
      targetProxy = 45739FDB8C1062AE /* PBXContainerItemProxy */;
    };
    D5B4091C8A72EF36 /* PBXTargetDependency */ = {
      isa = PBXTargetDependency;
      target = 6F7E5392D0BAC481 /* MilliMasterBuild */;
      targetProxy = B9023EC6485D17FA /* PBXContainerItemProxy */;
    };
    /* End PBXTargetDependency section */

    /* Begin XCBuildConfiguration section */
    2156C3EB8A07DF49 /* Debug */ = {
      isa = XCBuildConfiguration;
      buildSettings = {
        ALWAYS_SEARCH_USER_PATHS = NO;
        ASSETCATALOG_COMPILER_APPICON_NAME = AppIcon;
        ASSETCATALOG_COMPILER_GLOBAL_ACCENT_COLOR_NAME = AccentColor;
        CLANG_ANALYZER_NONNULL = YES;
        CLANG_ANALYZER_NUMBER_OBJECT_CONVERSION = YES_AGGRESSIVE;
        CLANG_CXX_LANGUAGE_STANDARD = "gnu++20";
        CLANG_ENABLE_MODULES = YES;
        CLANG_ENABLE_OBJC_ARC = YES;
        CLANG_ENABLE_OBJC_WEAK = YES;
        CODE_SIGN_STYLE = Automatic;
        CURRENT_PROJECT_VERSION = 1;
        DEVELOPMENT_ASSET_PATHS = "";
        DEVELOPMENT_TEAM = "";
        ENABLE_PREVIEWS = YES;
        ENABLE_STRICT_OBJC_MSGSEND = YES;
        ENABLE_TESTABILITY = YES;
        FRAMEWORK_SEARCH_PATHS = (
          "$(inherited)",
          "$(SDKROOT)/System/Library/Frameworks"
        );
        GCC_C_LANGUAGE_STANDARD = gnu11;
        GCC_DYNAMIC_NO_PIC = NO;
        GCC_NO_COMMON_BLOCKS = YES;
        GCC_OPTIMIZATION_LEVEL = 0;
        GCC_PREPROCESSOR_DEFINITIONS = (
          "DEBUG=1",
          "$(inherited)",
        );
        GENERATE_INFOPLIST_FILE = YES;
        INFOPLIST_KEY_UIApplicationSceneManifest_Generation = YES;
        INFOPLIST_KEY_UILaunchScreen_Generation = YES;
        IPHONEOS_DEPLOYMENT_TARGET = 15.0;
        LD_RUNPATH_SEARCH_PATHS = (
          "$(inherited)",
          "@executable_path/Frameworks",
        );
        MARKETING_VERSION = 1.0;
        MTL_ENABLE_DEBUG_INFO = INCLUDE_SOURCE;
        MTL_FAST_MATH = YES;
        ONLY_ACTIVE_ARCH = YES;
        PRODUCT_BUNDLE_IDENTIFIER = "com.example.millimasterbuild";
        PRODUCT_NAME = "$(TARGET_NAME)";
        SDKROOT = iphoneos;
        SUPPORTED_PLATFORMS = "iphoneos iphonesimulator";
        SUPPORTS_MACCATALYST = NO;
        SUPPORTS_MAC_DESIGNED_FOR_IPHONE_IPAD = NO;
        SWIFT_ACTIVE_COMPILATION_CONDITIONS = DEBUG;
        SWIFT_EMIT_LOC_STRINGS = YES;
        SWIFT_OPTIMIZATION_LEVEL = "-Onone";
        SWIFT_VERSION = 5.0;
        TARGETED_DEVICE_FAMILY = "1,2";
      };
      name = Debug;
    };
    1AF5E287B0934C6D /* Release */ = {
      isa = XCBuildConfiguration;
      buildSettings = {
        ALWAYS_SEARCH_USER_PATHS = NO;
        ASSETCATALOG_COMPILER_APPICON_NAME = AppIcon;
        ASSETCATALOG_COMPILER_GLOBAL_ACCENT_COLOR_NAME = AccentColor;
        CLANG_ANALYZER_NONNULL = YES;
        CLANG_ANALYZER_NUMBER_OBJECT_CONVERSION = YES_AGGRESSIVE;
        CLANG_CXX_LANGUAGE_STANDARD = "gnu++20";
        CLANG_ENABLE_MODULES = YES;
        CLANG_ENABLE_OBJC_ARC = YES;
        CLANG_ENABLE_OBJC_WEAK = YES;
        CODE_SIGN_STYLE = Automatic;
        COPY_PHASE_STRIP = NO;
        CURRENT_PROJECT_VERSION = 1;
        DEVELOPMENT_ASSET_PATHS = "";
        DEVELOPMENT_TEAM = "";
        ENABLE_NS_ASSERTIONS = NO;
        ENABLE_PREVIEWS = YES;
        ENABLE_STRICT_OBJC_MSGSEND = YES;
        FRAMEWORK_SEARCH_PATHS = (
          "$(inherited)",
          "$(SDKROOT)/System/Library/Frameworks"
        );
        GCC_C_LANGUAGE_STANDARD = gnu11;
        GCC_NO_COMMON_BLOCKS = YES;
        GENERATE_INFOPLIST_FILE = YES;
        INFOPLIST_KEY_UIApplicationSceneManifest_Generation = YES;
        INFOPLIST_KEY_UILaunchScreen_Generation = YES;
        IPHONEOS_DEPLOYMENT_TARGET = 15.0;
        LD_RUNPATH_SEARCH_PATHS = (
          "$(inherited)",
          "@executable_path/Frameworks",
        );
        MARKETING_VERSION = 1.0;
        MTL_ENABLE_DEBUG_INFO = NO;
        MTL_FAST_MATH = YES;
        PRODUCT_BUNDLE_IDENTIFIER = "com.example.millimasterbuild";
        PRODUCT_NAME = "$(TARGET_NAME)";
        SDKROOT = iphoneos;
        SUPPORTED_PLATFORMS = "iphoneos iphonesimulator";
        SUPPORTS_MACCATALYST = NO;
        SUPPORTS_MAC_DESIGNED_FOR_IPHONE_IPAD = NO;
        SWIFT_COMPILATION_MODE = wholemodule;
        SWIFT_EMIT_LOC_STRINGS = YES;
        SWIFT_OPTIMIZATION_LEVEL = "-O";
        SWIFT_VERSION = 5.0;
        TARGETED_DEVICE_FAMILY = "1,2";
        VALIDATE_PRODUCT = YES;
      };
      name = Release;
    };
    E60FA2138D47B59C /* Debug */ = {
      isa = XCBuildConfiguration;
      buildSettings = {
        BUNDLE_LOADER = "$(TEST_HOST)";
        CODE_SIGN_STYLE = Automatic;
        CURRENT_PROJECT_VERSION = 1;
        GENERATE_INFOPLIST_FILE = YES;
        IPHONEOS_DEPLOYMENT_TARGET = 15.0;
        MARKETING_VERSION = 1.0;
        PRODUCT_BUNDLE_IDENTIFIER = "com.example.millimasterbuild.Tests";
        PRODUCT_NAME = "$(TARGET_NAME)";
        SDKROOT = iphoneos;
        SUPPORTED_PLATFORMS = "iphoneos iphonesimulator";
        SUPPORTS_MACCATALYST = NO;
        SUPPORTS_MAC_DESIGNED_FOR_IPHONE_IPAD = NO;
        SWIFT_EMIT_LOC_STRINGS = NO;
        SWIFT_VERSION = 5.0;
        TARGETED_DEVICE_FAMILY = "1,2";
        TEST_HOST = "$(BUILT_PRODUCTS_DIR)/MilliMasterBuild.app/$(BUNDLE_EXECUTABLE_FOLDER_PATH)/MilliMasterBuild";
      };
      name = Debug;
    };
    F7510943826EABDC /* Release */ = {
      isa = XCBuildConfiguration;
      buildSettings = {
        BUNDLE_LOADER = "$(TEST_HOST)";
        CODE_SIGN_STYLE = Automatic;
        CURRENT_PROJECT_VERSION = 1;
        GENERATE_INFOPLIST_FILE = YES;
        IPHONEOS_DEPLOYMENT_TARGET = 15.0;
        MARKETING_VERSION = 1.0;
        PRODUCT_BUNDLE_IDENTIFIER = "com.example.millimasterbuild.Tests";
        PRODUCT_NAME = "$(TARGET_NAME)";
        SDKROOT = iphoneos;
        SUPPORTED_PLATFORMS = "iphoneos iphonesimulator";
        SUPPORTS_MACCATALYST = NO;
        SUPPORTS_MAC_DESIGNED_FOR_IPHONE_IPAD = NO;
        SWIFT_EMIT_LOC_STRINGS = NO;
        SWIFT_VERSION = 5.0;
        TARGETED_DEVICE_FAMILY = "1,2";
        TEST_HOST = "$(BUILT_PRODUCTS_DIR)/MilliMasterBuild.app/$(BUNDLE_EXECUTABLE_FOLDER_PATH)/MilliMasterBuild";
        VALIDATE_PRODUCT = YES;
      };
      name = Release;
    };
    49A583C7216EBFD0 /* Debug */ = {
      isa = XCBuildConfiguration;
      buildSettings = {
        CODE_SIGN_STYLE = Automatic;
        CURRENT_PROJECT_VERSION = 1;
        GENERATE_INFOPLIST_FILE = YES;
        MARKETING_VERSION = 1.0;
        PRODUCT_BUNDLE_IDENTIFIER = "com.example.millimasterbuild.UITests";
        PRODUCT_NAME = "$(TARGET_NAME)";
        SDKROOT = iphoneos;
        SUPPORTED_PLATFORMS = "iphoneos iphonesimulator";
        SUPPORTS_MACCATALYST = NO;
        SUPPORTS_MAC_DESIGNED_FOR_IPHONE_IPAD = NO;
        SWIFT_EMIT_LOC_STRINGS = NO;
        SWIFT_VERSION = 5.0;
        TARGETED_DEVICE_FAMILY = "1,2";
        TEST_TARGET_NAME = MilliMasterBuild;
      };
      name = Debug;
    };
    CB14FAD7E5863920 /* Release */ = {
      isa = XCBuildConfiguration;
      buildSettings = {
        CODE_SIGN_STYLE = Automatic;
        CURRENT_PROJECT_VERSION = 1;
        GENERATE_INFOPLIST_FILE = YES;
        MARKETING_VERSION = 1.0;
        PRODUCT_BUNDLE_IDENTIFIER = "com.example.millimasterbuild.UITests";
        PRODUCT_NAME = "$(TARGET_NAME)";
        SDKROOT = iphoneos;
        SUPPORTED_PLATFORMS = "iphoneos iphonesimulator";
        SUPPORTS_MACCATALYST = NO;
        SUPPORTS_MAC_DESIGNED_FOR_IPHONE_IPAD = NO;
        SWIFT_EMIT_LOC_STRINGS = NO;
        SWIFT_VERSION = 5.0;
        TARGETED_DEVICE_FAMILY = "1,2";
        TEST_TARGET_NAME = MilliMasterBuild;
        VALIDATE_PRODUCT = YES;
      };
      name = Release;
    };
    /* End XCBuildConfiguration section */

    /* Begin XCConfigurationList section */
    92B1C60A4F73D8E5 /* Build configuration list for PBXProject "MilliMasterBuild" */ = {
      isa = XCConfigurationList;
      buildConfigurations = (
        2156C3EB8A07DF49 /* Debug */,
        1AF5E287B0934C6D /* Release */
      );
      defaultConfigurationIsVisible = 0;
      defaultConfigurationName = Release;
    };
    BC0E47A395168F2D /* Build configuration list for PBXNativeTarget "MilliMasterBuild" */ = {
      isa = XCConfigurationList;
      buildConfigurations = (
        2156C3EB8A07DF49 /* Debug */,
        1AF5E287B0934C6D /* Release */
      );
      defaultConfigurationIsVisible = 0;
      defaultConfigurationName = Release;
    };
    382047D1F56C9EBA /* Build configuration list for PBXNativeTarget "MilliMasterBuildTests" */ = {
      isa = XCConfigurationList;
      buildConfigurations = (
        E60FA2138D47B59C /* Debug */,
        F7510943826EABDC /* Release */
      );
      defaultConfigurationIsVisible = 0;
      defaultConfigurationName = Release;
    };
    40DC613F852A97BE /* Build configuration list for PBXNativeTarget "MilliMasterBuildUITests" */ = {
      isa = XCConfigurationList;
      buildConfigurations = (
        49A583C7216EBFD0 /* Debug */,
        CB14FAD7E5863920 /* Release */
      );
      defaultConfigurationIsVisible = 0;
      defaultConfigurationName = Release;
    };
    /* End XCConfigurationList section */

  };
  rootObject = 26937FAB14C58E0D /* Project object */;
}
