// !$*UTF8*$!
{
  archiveVersion = 1;
  classes = {
  };
  objectVersion = 56;
  objects = {

    /* Begin PBXBuildFile section */
    4D107E623A5CB98F /* MilliColors.swift in Sources */ = {isa = PBXBuildFile; fileRef = E0D81743FC25B9A6; };
    5A278E3F9610DC4B /* MilliCenterMButton.swift in Sources */ = {isa = PBXBuildFile; fileRef = 3F9E15C4670DB2A8; };
    89E075D14CF26A3B /* MilliNavBar.swift in Sources */ = {isa = PBXBuildFile; fileRef = E7C6543AD8B291F0; };
    5D4FBE3A6721809C /* ContentView.swift in Sources */ = {isa = PBXBuildFile; fileRef = 39E047FCB2568DA1; };
    A1B049D523C87E6F /* README.md in Sources */ = {isa = PBXBuildFile; fileRef = CE70BF123495D6A8; };
    7642B310AF895DCE /* View+PressEvents.swift in Sources */ = {isa = PBXBuildFile; fileRef = 0FE4769AD35812BC; };
    3589621F4ACD0E7B /* HomeDashboardView.swift in Sources */ = {isa = PBXBuildFile; fileRef = AC6104987F5DE32B; };
    97A04F1BDE32586C /* FinancialData.swift in Sources */ = {isa = PBXBuildFile; fileRef = 13C758AFD46290BE; };
    D37E6AB9F21C8540 /* MilliViewModel.swift in Sources */ = {isa = PBXBuildFile; fileRef = DAB38F75402C69E1; };
    4E2A80F5B7316CD9 /* MileageView.swift in Sources */ = {isa = PBXBuildFile; fileRef = 205143B89EDF6CA7; };
    10A297C6E3B48DF5 /* MilliApp.swift in Sources */ = {isa = PBXBuildFile; fileRef = F709C1285634ABDE; };
    68A21D954BF703CE /* SecurityManager.swift in Sources */ = {isa = PBXBuildFile; fileRef = 792FDE35B61AC084; };
    E70128F345D9BA6C /* WealthView.swift in Sources */ = {isa = PBXBuildFile; fileRef = 48609712BAE35DFC; };
    9410A782635FDCBE /* PlaidManager.swift in Sources */ = {isa = PBXBuildFile; fileRef = C4835261AED079FB; };
    5D48FBE32106C97A /* MilliAIViewModel.swift in Sources */ = {isa = PBXBuildFile; fileRef = 50FBDC1642A8379E; };
    A1590FE87436D2CB /* MilliAIService.swift in Sources */ = {isa = PBXBuildFile; fileRef = 385716BFDA092C4E; };
    306FB1958ED42C7A /* MilliAIOverlayView.swift in Sources */ = {isa = PBXBuildFile; fileRef = 7C5A49836DFBE210; };
    C49BD2017F58E63A /* MilliSettingsView.swift in Sources */ = {isa = PBXBuildFile; fileRef = 748C365D210FAEB9; };
    D0571B82634CFA9E /* Assets.xcassets in Sources */ = {isa = PBXBuildFile; fileRef = E0897DBAC142356F; };
    2D3847B956F1AE0C /* LockScreenView.swift in Sources */ = {isa = PBXBuildFile; fileRef = 361D702CEFB4598A; };
    8279C1D60F345BAE /* MilliMasterBuildTests.swift in Sources */ = {isa = PBXBuildFile; fileRef = 6259C73BF084E1DA; };
    32A79CBF54106DE8 /* MilliMasterBuildUITests.swift in Sources */ = {isa = PBXBuildFile; fileRef = 54BA3F7C6829E10D; };
    B5D3489CA270FE61 /* SwiftUI.framework in Frameworks */ = {isa = PBXBuildFile; fileRef = 2501C8973F46EBAD; };
    /* End PBXBuildFile section */

    /* Begin PBXFileReference section */
    B607E14DC285F3A9 /* MilliMasterBuild.app */ = {isa = PBXFileReference; explicitFileType = wrapper.application; includeInIndex = 0; path = "MilliMasterBuild.app"; sourceTree = BUILT_PRODUCTS_DIR; };
    E0D81743FC25B9A6 /* MilliColors.swift */ = {isa = PBXFileReference; lastKnownFileType = sourcecode.swift; path = "MilliColors.swift"; sourceTree = "<group>"; };
    3F9E15C4670DB2A8 /* MilliCenterMButton.swift */ = {isa = PBXFileReference; lastKnownFileType = sourcecode.swift; path = "MilliCenterMButton.swift"; sourceTree = "<group>"; };
    E7C6543AD8B291F0 /* MilliNavBar.swift */ = {isa = PBXFileReference; lastKnownFileType = sourcecode.swift; path = "MilliNavBar.swift"; sourceTree = "<group>"; };
    39E047FCB2568DA1 /* ContentView.swift */ = {isa = PBXFileReference; lastKnownFileType = sourcecode.swift; path = "ContentView.swift"; sourceTree = "<group>"; };
    CE70BF123495D6A8 /* README.md */ = {isa = PBXFileReference; lastKnownFileType = text.markdown; path = "README.md"; sourceTree = "<group>"; };
    0FE4769AD35812BC /* View+PressEvents.swift */ = {isa = PBXFileReference; lastKnownFileType = sourcecode.swift; path = "View+PressEvents.swift"; sourceTree = "<group>"; };
    AC6104987F5DE32B /* HomeDashboardView.swift */ = {isa = PBXFileReference; lastKnownFileType = sourcecode.swift; path = "HomeDashboardView.swift"; sourceTree = "<group>"; };
    13C758AFD46290BE /* FinancialData.swift */ = {isa = PBXFileReference; lastKnownFileType = sourcecode.swift; path = "FinancialData.swift"; sourceTree = "<group>"; };
    DAB38F75402C69E1 /* MilliViewModel.swift */ = {isa = PBXFileReference; lastKnownFileType = sourcecode.swift; path = "MilliViewModel.swift"; sourceTree = "<group>"; };
    205143B89EDF6CA7 /* MileageView.swift */ = {isa = PBXFileReference; lastKnownFileType = sourcecode.swift; path = "MileageView.swift"; sourceTree = "<group>"; };
    F709C1285634ABDE /* MilliApp.swift */ = {isa = PBXFileReference; lastKnownFileType = sourcecode.swift; path = "MilliApp.swift"; sourceTree = "<group>"; };
    792FDE35B61AC084 /* SecurityManager.swift */ = {isa = PBXFileReference; lastKnownFileType = sourcecode.swift; path = "SecurityManager.swift"; sourceTree = "<group>"; };
    48609712BAE35DFC /* WealthView.swift */ = {isa = PBXFileReference; lastKnownFileType = sourcecode.swift; path = "WealthView.swift"; sourceTree = "<group>"; };
    C4835261AED079FB /* PlaidManager.swift */ = {isa = PBXFileReference; lastKnownFileType = sourcecode.swift; path = "PlaidManager.swift"; sourceTree = "<group>"; };
    50FBDC1642A8379E /* MilliAIViewModel.swift */ = {isa = PBXFileReference; lastKnownFileType = sourcecode.swift; path = "MilliAIViewModel.swift"; sourceTree = "<group>"; };
    385716BFDA092C4E /* MilliAIService.swift */ = {isa = PBXFileReference; lastKnownFileType = sourcecode.swift; path = "MilliAIService.swift"; sourceTree = "<group>"; };
    7C5A49836DFBE210 /* MilliAIOverlayView.swift */ = {isa = PBXFileReference; lastKnownFileType = sourcecode.swift; path = "MilliAIOverlayView.swift"; sourceTree = "<group>"; };
    748C365D210FAEB9 /* MilliSettingsView.swift */ = {isa = PBXFileReference; lastKnownFileType = sourcecode.swift; path = "MilliSettingsView.swift"; sourceTree = "<group>"; };
    E0897DBAC142356F /* Assets.xcassets */ = {isa = PBXFileReference; lastKnownFileType = folder.assetcatalog; path = "Assets.xcassets"; sourceTree = "<group>"; };
    361D702CEFB4598A /* LockScreenView.swift */ = {isa = PBXFileReference; lastKnownFileType = sourcecode.swift; path = "LockScreenView.swift"; sourceTree = "<group>"; };
    6259C73BF084E1DA /* MilliMasterBuildTests.swift */ = {isa = PBXFileReference; lastKnownFileType = sourcecode.swift; path = "MilliMasterBuildTests.swift"; sourceTree = "<group>"; };
    54BA3F7C6829E10D /* MilliMasterBuildUITests.swift */ = {isa = PBXFileReference; lastKnownFileType = sourcecode.swift; path = "MilliMasterBuildUITests.swift"; sourceTree = "<group>"; };
    54392B6A18E70DCF /* MilliMasterBuildTests.xctest */ = {isa = PBXFileReference; explicitFileType = wrapper.cfbundle; includeInIndex = 0; path = "MilliMasterBuildTests.xctest"; sourceTree = BUILT_PRODUCTS_DIR; };
    05841BA296DF37EC /* MilliMasterBuildUITests.xctest */ = {isa = PBXFileReference; explicitFileType = wrapper.cfbundle; includeInIndex = 0; path = "MilliMasterBuildUITests.xctest"; sourceTree = BUILT_PRODUCTS_DIR; };
    2501C8973F46EBAD /* SwiftUI.framework */ = {isa = PBXFileReference; lastKnownFileType = wrapper.framework; name = SwiftUI.framework; path = System/Library/Frameworks/SwiftUI.framework; sourceTree = SDKROOT; };
    /* End PBXFileReference section */

    /* Begin PBXFrameworksBuildPhase section */
    F83C627954DEA01B /* Frameworks */ = {
      isa = PBXFrameworksBuildPhase;
      buildActionMask = 2147483647;
      files = (
        B5D3489CA270FE61 /* SwiftUI.framework in Frameworks */
      );
      runOnlyForDeploymentPostprocessing = 0;
    };
    1C0EB38276D94AF5 /* Frameworks */ = {
      isa = PBXFrameworksBuildPhase;
      buildActionMask = 2147483647;
      files = (
      );
      runOnlyForDeploymentPostprocessing = 0;
    };
    58301A746ECBD29F /* Frameworks */ = {
      isa = PBXFrameworksBuildPhase;
      buildActionMask = 2147483647;
      files = (
      );
      runOnlyForDeploymentPostprocessing = 0;
    };
    /* End PBXFrameworksBuildPhase section */

    /* Begin PBXGroup section */
    0146E73C25DF89BA /* Main Group */ = {
      isa = PBXGroup;
      children = (
        E1C23D48AF0795B6 /* MilliMasterBuild */,
        B0E6D159AC8F2347 /* MilliMasterBuildTests */,
        56FB894CAED23701 /* MilliMasterBuildUITests */,
        57018492A6FBEC3D /* Products */
      );
      sourceTree = "<group>";
    };
    E1C23D48AF0795B6 /* MilliMasterBuild */ = {
      isa = PBXGroup;
      children = (
        D42FB813EA50679C,
        F36E951BD782CA40,
        21B39AF074C5D68E,
        B049D15F8EC27A36,
        BCD04512AF367E89,
        26FAD374C1E0B859,
        7529E4DC03FB1A86,
        3F9E15C4670DB2A8,
        E7C6543AD8B291F0,
        CE70BF123495D6A8,
        F709C1285634ABDE,
        7C5A49836DFBE210
      );
      path = "MilliMasterBuild";
      sourceTree = "<group>";
    };
    
    D42FB813EA50679C /* Milli */ = {
      isa = PBXGroup;
      children = (
        CB7D3A52841EF609,
        F0E896AC12573D4B
      );
      path = "Milli";
      sourceTree = "<group>";
    };
    CB7D3A52841EF609 /* DesignSystem */ = {
      isa = PBXGroup;
      children = (
        E0D81743FC25B9A6
      );
      path = "DesignSystem";
      sourceTree = "<group>";
    };
    F36E951BD782CA40 /* Views */ = {
      isa = PBXGroup;
      children = (
        39E047FCB2568DA1,
        AC6104987F5DE32B,
        205143B89EDF6CA7,
        48609712BAE35DFC,
        748C365D210FAEB9,
        361D702CEFB4598A
      );
      path = "Views";
      sourceTree = "<group>";
    };
    F0E896AC12573D4B /* Extensions */ = {
      isa = PBXGroup;
      children = (
        0FE4769AD35812BC
      );
      path = "Extensions";
      sourceTree = "<group>";
    };
    21B39AF074C5D68E /* Models */ = {
      isa = PBXGroup;
      children = (
        13C758AFD46290BE
      );
      path = "Models";
      sourceTree = "<group>";
    };
    B049D15F8EC27A36 /* ViewModels */ = {
      isa = PBXGroup;
      children = (
        DAB38F75402C69E1,
        50FBDC1642A8379E
      );
      path = "ViewModels";
      sourceTree = "<group>";
    };
    BCD04512AF367E89 /* Security */ = {
      isa = PBXGroup;
      children = (
        792FDE35B61AC084
      );
      path = "Security";
      sourceTree = "<group>";
    };
    26FAD374C1E0B859 /* Services */ = {
      isa = PBXGroup;
      children = (
        C4835261AED079FB,
        385716BFDA092C4E
      );
      path = "Services";
      sourceTree = "<group>";
    };
    7529E4DC03FB1A86 /* Assets */ = {
      isa = PBXGroup;
      children = (
        E0897DBAC142356F
      );
      path = "Assets";
      sourceTree = "<group>";
    };
    B0E6D159AC8F2347 /* MilliMasterBuildTests */ = {
      isa = PBXGroup;
      children = (
        6259C73BF084E1DA /* MilliMasterBuildTests.swift */
      );
      path = "MilliMasterBuildTests";
      sourceTree = "<group>";
    };
    56FB894CAED23701 /* MilliMasterBuildUITests */ = {
      isa = PBXGroup;
      children = (
        54BA3F7C6829E10D /* MilliMasterBuildUITests.swift */
      );
      path = "MilliMasterBuildUITests";
      sourceTree = "<group>";
    };
    57018492A6FBEC3D /* Products */ = {
      isa = PBXGroup;
      children = (
        B607E14DC285F3A9 /* MilliMasterBuild.app */,
        54392B6A18E70DCF /* MilliMasterBuildTests.xctest */,
        05841BA296DF37EC /* MilliMasterBuildUITests.xctest */
      );
      name = Products;
      sourceTree = "<group>";
    };
    /* End PBXGroup section */

    /* Begin PBXNativeTarget section */
    4EF73B68219C05DA /* MilliMasterBuild */ = {
      isa = PBXNativeTarget;
      buildConfigurationList = F14305B78AC269DE /* Build configuration list for PBXNativeTarget "MilliMasterBuild" */;
      buildPhases = (
        D04F7931A65C82BE /* Sources */,
        F83C627954DEA01B /* Frameworks */
      );
      buildRules = (
      );
      dependencies = (
      );
      name = "MilliMasterBuild";
      productName = "MilliMasterBuild";
      productReference = B607E14DC285F3A9 /* MilliMasterBuild.app */;
      productType = "com.apple.product-type.application";
    };
    9DC10584E6B2F3A7 /* MilliMasterBuildTests */ = {
      isa = PBXNativeTarget;
      buildConfigurationList = D1C059E836FBA427 /* Build configuration list for PBXNativeTarget "MilliMasterBuildTests" */;
      buildPhases = (
        97AFB60D12E345C8 /* Sources */,
        1C0EB38276D94AF5 /* Frameworks */
      );
      buildRules = (
      );
      dependencies = (
        D0AF18273459C6BE /* PBXTargetDependency */
      );
      name = "MilliMasterBuildTests";
      productName = "MilliMasterBuildTests";
      productReference = 54392B6A18E70DCF /* MilliMasterBuildTests.xctest */;
      productType = "com.apple.product-type.bundle.unit-test";
    };
    E3B0AF79D148C526 /* MilliMasterBuildUITests */ = {
      isa = PBXNativeTarget;
      buildConfigurationList = 34AC1F0726E958BD /* Build configuration list for PBXNativeTarget "MilliMasterBuildUITests" */;
      buildPhases = (
        F59463D7C21B0AE8 /* Sources */,
        58301A746ECBD29F /* Frameworks */
      );
      buildRules = (
      );
      dependencies = (
        E01DF526489CBA37 /* PBXTargetDependency */
      );
      name = "MilliMasterBuildUITests";
      productName = "MilliMasterBuildUITests";
      productReference = 05841BA296DF37EC /* MilliMasterBuildUITests.xctest */;
      productType = "com.apple.product-type.bundle.ui-testing";
    };
    /* End PBXNativeTarget section */

    /* Begin PBXProject section */
    C415D0A96F82E37B /* Project object */ = {
      isa = PBXProject;
      attributes = {
        LastSwiftUpdateCheck = 1500;
        LastUpgradeCheck = 1500;
        TargetAttributes = {
          4EF73B68219C05DA = {
            CreatedOnToolsVersion = 15.0;
          };
          9DC10584E6B2F3A7 = {
            CreatedOnToolsVersion = 15.0;
            TestTargetID = 4EF73B68219C05DA;
          };
          E3B0AF79D148C526 = {
            CreatedOnToolsVersion = 15.0;
            TestTargetID = 4EF73B68219C05DA;
          };
        };
      };
      buildConfigurationList = 6F8B31CE0579A2D4 /* Build configuration list for PBXProject "MilliMasterBuild" */;
      compatibilityVersion = "Xcode 14.0";
      developmentRegion = en;
      hasScannedForEncodings = 0;
      knownRegions = (
        en,
        Base
      );
      mainGroup = 0146E73C25DF89BA;
      productRefGroup = 57018492A6FBEC3D /* Products */;
      projectDirPath = "";
      projectRoot = "";
      targets = (
        4EF73B68219C05DA /* MilliMasterBuild */,
        9DC10584E6B2F3A7 /* MilliMasterBuildTests */,
        E3B0AF79D148C526 /* MilliMasterBuildUITests */
      );
    };
    /* End PBXProject section */

    /* Begin PBXSourcesBuildPhase section */
    D04F7931A65C82BE /* Sources */ = {
      isa = PBXSourcesBuildPhase;
      buildActionMask = 2147483647;
      files = (
        4D107E623A5CB98F,
        5A278E3F9610DC4B,
        89E075D14CF26A3B,
        5D4FBE3A6721809C,
        A1B049D523C87E6F,
        7642B310AF895DCE,
        3589621F4ACD0E7B,
        97A04F1BDE32586C,
        D37E6AB9F21C8540,
        4E2A80F5B7316CD9,
        10A297C6E3B48DF5,
        68A21D954BF703CE,
        E70128F345D9BA6C,
        9410A782635FDCBE,
        5D48FBE32106C97A,
        A1590FE87436D2CB,
        306FB1958ED42C7A,
        C49BD2017F58E63A,
        D0571B82634CFA9E,
        2D3847B956F1AE0C
      );
      runOnlyForDeploymentPostprocessing = 0;
    };
    97AFB60D12E345C8 /* Sources */ = {
      isa = PBXSourcesBuildPhase;
      buildActionMask = 2147483647;
      files = (
        8279C1D60F345BAE /* MilliMasterBuildTests.swift in Sources */
      );
      runOnlyForDeploymentPostprocessing = 0;
    };
    F59463D7C21B0AE8 /* Sources */ = {
      isa = PBXSourcesBuildPhase;
      buildActionMask = 2147483647;
      files = (
        32A79CBF54106DE8 /* MilliMasterBuildUITests.swift in Sources */
      );
      runOnlyForDeploymentPostprocessing = 0;
    };
    /* End PBXSourcesBuildPhase section */

    /* Begin PBXContainerItemProxy section */
    8D0CEF179B5462A3 /* PBXContainerItemProxy */ = {
      isa = PBXContainerItemProxy;
      containerPortal = C415D0A96F82E37B /* Project object */;
      proxyType = 1;
      remoteGlobalIDString = 4EF73B68219C05DA;
      remoteInfo = "MilliMasterBuild";
    };
    63F52E7BD18094AC /* PBXContainerItemProxy */ = {
      isa = PBXContainerItemProxy;
      containerPortal = C415D0A96F82E37B /* Project object */;
      proxyType = 1;
      remoteGlobalIDString = 4EF73B68219C05DA;
      remoteInfo = "MilliMasterBuild";
    };
    /* End PBXContainerItemProxy section */

    /* Begin PBXTargetDependency section */
    D0AF18273459C6BE /* PBXTargetDependency */ = {
      isa = PBXTargetDependency;
      target = 4EF73B68219C05DA /* MilliMasterBuild */;
      targetProxy = 8D0CEF179B5462A3 /* PBXContainerItemProxy */;
    };
    E01DF526489CBA37 /* PBXTargetDependency */ = {
      isa = PBXTargetDependency;
      target = 4EF73B68219C05DA /* MilliMasterBuild */;
      targetProxy = 63F52E7BD18094AC /* PBXContainerItemProxy */;
    };
    /* End PBXTargetDependency section */

    /* Begin XCBuildConfiguration section */
    DBF239E46810CA57 /* Debug */ = {
      isa = XCBuildConfiguration;
      buildSettings = {
        ALWAYS_SEARCH_USER_PATHS = NO;
        ASSETCATALOG_COMPILER_APPICON_NAME = AppIcon;
        ASSETCATALOG_COMPILER_GLOBAL_ACCENT_COLOR_NAME = AccentColor;
        CLANG_ANALYZER_NONNULL = YES;
        CLANG_ANALYZER_NUMBER_OBJECT_CONVERSION = YES_AGGRESSIVE;
        CLANG_CXX_LANGUAGE_STANDARD = "gnu++20";
        CLANG_ENABLE_MODULES = YES;
        CLANG_ENABLE_OBJC_ARC = YES;
        CLANG_ENABLE_OBJC_WEAK = YES;
        CODE_SIGN_STYLE = Automatic;
        CURRENT_PROJECT_VERSION = 1;
        DEVELOPMENT_ASSET_PATHS = "";
        DEVELOPMENT_TEAM = "";
        ENABLE_PREVIEWS = YES;
        ENABLE_STRICT_OBJC_MSGSEND = YES;
        ENABLE_TESTABILITY = YES;
        FRAMEWORK_SEARCH_PATHS = (
          "$(inherited)",
          "$(SDKROOT)/System/Library/Frameworks"
        );
        GCC_C_LANGUAGE_STANDARD = gnu11;
        GCC_DYNAMIC_NO_PIC = NO;
        GCC_NO_COMMON_BLOCKS = YES;
        GCC_OPTIMIZATION_LEVEL = 0;
        GCC_PREPROCESSOR_DEFINITIONS = (
          "DEBUG=1",
          "$(inherited)",
        );
        GENERATE_INFOPLIST_FILE = YES;
        INFOPLIST_KEY_UIApplicationSceneManifest_Generation = YES;
        INFOPLIST_KEY_UILaunchScreen_Generation = YES;
        IPHONEOS_DEPLOYMENT_TARGET = 15.0;
        LD_RUNPATH_SEARCH_PATHS = (
          "$(inherited)",
          "@executable_path/Frameworks",
        );
        MARKETING_VERSION = 1.0;
        MTL_ENABLE_DEBUG_INFO = INCLUDE_SOURCE;
        MTL_FAST_MATH = YES;
        ONLY_ACTIVE_ARCH = YES;
        PRODUCT_BUNDLE_IDENTIFIER = "com.example.millimasterbuild";
        PRODUCT_NAME = "$(TARGET_NAME)";
        SDKROOT = iphoneos;
        SUPPORTED_PLATFORMS = "iphoneos iphonesimulator";
        SUPPORTS_MACCATALYST = NO;
        SUPPORTS_MAC_DESIGNED_FOR_IPHONE_IPAD = NO;
        SWIFT_ACTIVE_COMPILATION_CONDITIONS = DEBUG;
        SWIFT_EMIT_LOC_STRINGS = YES;
        SWIFT_OPTIMIZATION_LEVEL = "-Onone";
        SWIFT_VERSION = 5.0;
        TARGETED_DEVICE_FAMILY = "1,2";
      };
      name = Debug;
    };
    50416EC3D92A8B7F /* Release */ = {
      isa = XCBuildConfiguration;
      buildSettings = {
        ALWAYS_SEARCH_USER_PATHS = NO;
        ASSETCATALOG_COMPILER_APPICON_NAME = AppIcon;
        ASSETCATALOG_COMPILER_GLOBAL_ACCENT_COLOR_NAME = AccentColor;
        CLANG_ANALYZER_NONNULL = YES;
        CLANG_ANALYZER_NUMBER_OBJECT_CONVERSION = YES_AGGRESSIVE;
        CLANG_CXX_LANGUAGE_STANDARD = "gnu++20";
        CLANG_ENABLE_MODULES = YES;
        CLANG_ENABLE_OBJC_ARC = YES;
        CLANG_ENABLE_OBJC_WEAK = YES;
        CODE_SIGN_STYLE = Automatic;
        COPY_PHASE_STRIP = NO;
        CURRENT_PROJECT_VERSION = 1;
        DEVELOPMENT_ASSET_PATHS = "";
        DEVELOPMENT_TEAM = "";
        ENABLE_NS_ASSERTIONS = NO;
        ENABLE_PREVIEWS = YES;
        ENABLE_STRICT_OBJC_MSGSEND = YES;
        FRAMEWORK_SEARCH_PATHS = (
          "$(inherited)",
          "$(SDKROOT)/System/Library/Frameworks"
        );
        GCC_C_LANGUAGE_STANDARD = gnu11;
        GCC_NO_COMMON_BLOCKS = YES;
        GENERATE_INFOPLIST_FILE = YES;
        INFOPLIST_KEY_UIApplicationSceneManifest_Generation = YES;
        INFOPLIST_KEY_UILaunchScreen_Generation = YES;
        IPHONEOS_DEPLOYMENT_TARGET = 15.0;
        LD_RUNPATH_SEARCH_PATHS = (
          "$(inherited)",
          "@executable_path/Frameworks",
        );
        MARKETING_VERSION = 1.0;
        MTL_ENABLE_DEBUG_INFO = NO;
        MTL_FAST_MATH = YES;
        PRODUCT_BUNDLE_IDENTIFIER = "com.example.millimasterbuild";
        PRODUCT_NAME = "$(TARGET_NAME)";
        SDKROOT = iphoneos;
        SUPPORTED_PLATFORMS = "iphoneos iphonesimulator";
        SUPPORTS_MACCATALYST = NO;
        SUPPORTS_MAC_DESIGNED_FOR_IPHONE_IPAD = NO;
        SWIFT_COMPILATION_MODE = wholemodule;
        SWIFT_EMIT_LOC_STRINGS = YES;
        SWIFT_OPTIMIZATION_LEVEL = "-O";
        SWIFT_VERSION = 5.0;
        TARGETED_DEVICE_FAMILY = "1,2";
        VALIDATE_PRODUCT = YES;
      };
      name = Release;
    };
    EB3924F0CA87516D /* Debug */ = {
      isa = XCBuildConfiguration;
      buildSettings = {
        BUNDLE_LOADER = "$(TEST_HOST)";
        CODE_SIGN_STYLE = Automatic;
        CURRENT_PROJECT_VERSION = 1;
        GENERATE_INFOPLIST_FILE = YES;
        IPHONEOS_DEPLOYMENT_TARGET = 15.0;
        MARKETING_VERSION = 1.0;
        PRODUCT_BUNDLE_IDENTIFIER = "com.example.millimasterbuild.Tests";
        PRODUCT_NAME = "$(TARGET_NAME)";
        SDKROOT = iphoneos;
        SUPPORTED_PLATFORMS = "iphoneos iphonesimulator";
        SUPPORTS_MACCATALYST = NO;
        SUPPORTS_MAC_DESIGNED_FOR_IPHONE_IPAD = NO;
        SWIFT_EMIT_LOC_STRINGS = NO;
        SWIFT_VERSION = 5.0;
        TARGETED_DEVICE_FAMILY = "1,2";
        TEST_HOST = "$(BUILT_PRODUCTS_DIR)/MilliMasterBuild.app/$(BUNDLE_EXECUTABLE_FOLDER_PATH)/MilliMasterBuild";
      };
      name = Debug;
    };
    C3F7B921560AE84D /* Release */ = {
      isa = XCBuildConfiguration;
      buildSettings = {
        BUNDLE_LOADER = "$(TEST_HOST)";
        CODE_SIGN_STYLE = Automatic;
        CURRENT_PROJECT_VERSION = 1;
        GENERATE_INFOPLIST_FILE = YES;
        IPHONEOS_DEPLOYMENT_TARGET = 15.0;
        MARKETING_VERSION = 1.0;
        PRODUCT_BUNDLE_IDENTIFIER = "com.example.millimasterbuild.Tests";
        PRODUCT_NAME = "$(TARGET_NAME)";
        SDKROOT = iphoneos;
        SUPPORTED_PLATFORMS = "iphoneos iphonesimulator";
        SUPPORTS_MACCATALYST = NO;
        SUPPORTS_MAC_DESIGNED_FOR_IPHONE_IPAD = NO;
        SWIFT_EMIT_LOC_STRINGS = NO;
        SWIFT_VERSION = 5.0;
        TARGETED_DEVICE_FAMILY = "1,2";
        TEST_HOST = "$(BUILT_PRODUCTS_DIR)/MilliMasterBuild.app/$(BUNDLE_EXECUTABLE_FOLDER_PATH)/MilliMasterBuild";
        VALIDATE_PRODUCT = YES;
      };
      name = Release;
    };
    01CA24738B569DEF /* Debug */ = {
      isa = XCBuildConfiguration;
      buildSettings = {
        CODE_SIGN_STYLE = Automatic;
        CURRENT_PROJECT_VERSION = 1;
        GENERATE_INFOPLIST_FILE = YES;
        MARKETING_VERSION = 1.0;
        PRODUCT_BUNDLE_IDENTIFIER = "com.example.millimasterbuild.UITests";
        PRODUCT_NAME = "$(TARGET_NAME)";
        SDKROOT = iphoneos;
        SUPPORTED_PLATFORMS = "iphoneos iphonesimulator";
        SUPPORTS_MACCATALYST = NO;
        SUPPORTS_MAC_DESIGNED_FOR_IPHONE_IPAD = NO;
        SWIFT_EMIT_LOC_STRINGS = NO;
        SWIFT_VERSION = 5.0;
        TARGETED_DEVICE_FAMILY = "1,2";
        TEST_TARGET_NAME = MilliMasterBuild;
      };
      name = Debug;
    };
    3AFC294617D8BE05 /* Release */ = {
      isa = XCBuildConfiguration;
      buildSettings = {
        CODE_SIGN_STYLE = Automatic;
        CURRENT_PROJECT_VERSION = 1;
        GENERATE_INFOPLIST_FILE = YES;
        MARKETING_VERSION = 1.0;
        PRODUCT_BUNDLE_IDENTIFIER = "com.example.millimasterbuild.UITests";
        PRODUCT_NAME = "$(TARGET_NAME)";
        SDKROOT = iphoneos;
        SUPPORTED_PLATFORMS = "iphoneos iphonesimulator";
        SUPPORTS_MACCATALYST = NO;
        SUPPORTS_MAC_DESIGNED_FOR_IPHONE_IPAD = NO;
        SWIFT_EMIT_LOC_STRINGS = NO;
        SWIFT_VERSION = 5.0;
        TARGETED_DEVICE_FAMILY = "1,2";
        TEST_TARGET_NAME = MilliMasterBuild;
        VALIDATE_PRODUCT = YES;
      };
      name = Release;
    };
    /* End XCBuildConfiguration section */

    /* Begin XCConfigurationList section */
    6F8B31CE0579A2D4 /* Build configuration list for PBXProject "MilliMasterBuild" */ = {
      isa = XCConfigurationList;
      buildConfigurations = (
        DBF239E46810CA57 /* Debug */,
        50416EC3D92A8B7F /* Release */
      );
      defaultConfigurationIsVisible = 0;
      defaultConfigurationName = Release;
    };
    F14305B78AC269DE /* Build configuration list for PBXNativeTarget "MilliMasterBuild" */ = {
      isa = XCConfigurationList;
      buildConfigurations = (
        DBF239E46810CA57 /* Debug */,
        50416EC3D92A8B7F /* Release */
      );
      defaultConfigurationIsVisible = 0;
      defaultConfigurationName = Release;
    };
    D1C059E836FBA427 /* Build configuration list for PBXNativeTarget "MilliMasterBuildTests" */ = {
      isa = XCConfigurationList;
      buildConfigurations = (
        EB3924F0CA87516D /* Debug */,
        C3F7B921560AE84D /* Release */
      );
      defaultConfigurationIsVisible = 0;
      defaultConfigurationName = Release;
    };
    34AC1F0726E958BD /* Build configuration list for PBXNativeTarget "MilliMasterBuildUITests" */ = {
      isa = XCConfigurationList;
      buildConfigurations = (
        01CA24738B569DEF /* Debug */,
        3AFC294617D8BE05 /* Release */
      );
      defaultConfigurationIsVisible = 0;
      defaultConfigurationName = Release;
    };
    /* End XCConfigurationList section */

  };
  rootObject = C415D0A96F82E37B /* Project object */;
}
