<?xml version="1.0" encoding="UTF-8"?>
<Scheme LastUpgradeVersion="1500" version="1.7">
   <BuildAction parallelizeBuildables="YES" buildImplicitDependencies="YES">
      <BuildActionEntries>
         <BuildActionEntry buildForTesting="YES" buildForRunning="YES" buildForProfiling="YES" buildForArchiving="YES" buildForAnalyzing="YES">
            <BuildableReference BuildableIdentifier="primary" BlueprintIdentifier="0F12384DB56AC79E" BuildableName="MilliMasterBuild.app" BlueprintName="MilliMasterBuild" ReferencedContainer="container:MilliMasterBuild.xcodeproj"/>
         </BuildActionEntry>
      </BuildActionEntries>
   </BuildAction>
   <TestAction buildConfiguration="Debug" selectedDebuggerIdentifier="Xcode.DebuggerFoundation.Debugger.LLDB" selectedLauncherIdentifier="Xcode.DebuggerFoundation.Launcher.LLDB" shouldUseLaunchSchemeArgsEnv="YES" shouldAutocreateTestPlan="YES">
      <Testables>
         <TestableReference
            skipped = "NO">
            <BuildableReference
               BuildableIdentifier = "primary"
               BlueprintIdentifier = "095D7BC162A4EF83"
               BuildableName = "MilliMasterBuildTests.xctest"
               BlueprintName = "MilliMasterBuildTests"
               ReferencedContainer = "container:MilliMasterBuild.xcodeproj">
            </BuildableReference>
         </TestableReference>
         <TestableReference
            skipped = "NO">
            <BuildableReference
               BuildableIdentifier = "primary"
               BlueprintIdentifier = "3B6E2FCD75189A04"
               BuildableName = "MilliMasterBuildUITests.xctest"
               BlueprintName = "MilliMasterBuildUITests"
               ReferencedContainer = "container:MilliMasterBuild.xcodeproj">
            </BuildableReference>
         </TestableReference>
      </Testables>
      <MacroExpansion>
         <BuildableReference
            BuildableIdentifier = "primary"
            BlueprintIdentifier = "0F12384DB56AC79E"
            BuildableName = "MilliMasterBuild.app"
            BlueprintName = "MilliMasterBuild"
            ReferencedContainer = "container:MilliMasterBuild.xcodeproj">
         </BuildableReference>
      </MacroExpansion>
   </TestAction>
   <LaunchAction buildConfiguration="Debug" selectedDebuggerIdentifier="Xcode.DebuggerFoundation.Debugger.LLDB" selectedLauncherIdentifier="Xcode.DebuggerFoundation.Launcher.LLDB" launchStyle="0" useCustomWorkingDirectory="NO" ignoresPersistentStateOnLaunch="NO" debugDocumentVersioning="YES" debugServiceExtension="internal" allowLocationSimulation="YES">
      <BuildableProductRunnable runnableDebuggingMode="0">
         <BuildableReference
            BuildableIdentifier = "primary"
            BlueprintIdentifier = "0F12384DB56AC79E"
            BuildableName = "MilliMasterBuild.app"
            BlueprintName = "MilliMasterBuild"
            ReferencedContainer = "container:MilliMasterBuild.xcodeproj">
         </BuildableReference>
      </BuildableProductRunnable>
   </LaunchAction>
   <ProfileAction buildConfiguration="Release" shouldUseLaunchSchemeArgsEnv="YES" savedToolIdentifier="" useCustomWorkingDirectory="NO" debugDocumentVersioning="YES">
      <BuildableProductRunnable
         runnableDebuggingMode = "0">
         <BuildableReference
            BuildableIdentifier = "primary"
            BlueprintIdentifier = "0F12384DB56AC79E"
            BuildableName = "MilliMasterBuild.app"
            BlueprintName = "MilliMasterBuild"
            ReferencedContainer = "container:MilliMasterBuild.xcodeproj">
         </BuildableReference>
      </BuildableProductRunnable>
   </ProfileAction>
   <AnalyzeAction buildConfiguration="Debug">
   </AnalyzeAction>
   <ArchiveAction buildConfiguration="Release" revealArchiveInOrganizer="YES">
   </ArchiveAction>
</Scheme>